
Microsoft Visual Studio Solution File, Format Version 12.00
# Visual Studio Version 17
VisualStudioVersion = 17.0.31903.59
MinimumVisualStudioVersion = 10.0.40219.1
Project("{2150E333-8FDC-42A3-9474-1A3956D46DE8}") = "OutlookSync", "OutlookSync", "{88906374-657D-4F51-AFFE-14D7A1643E01}"
EndProject
Project("{2150E333-8FDC-42A3-9474-1A3956D46DE8}") = "Deployment", "Deployment", "{C64E39AA-C21B-40C7-8365-29DE3563E66A}"
EndProject
Project("{2150E333-8FDC-42A3-9474-1A3956D46DE8}") = "OutlookInterop", "OutlookInterop", "{90B92EE2-3234-484A-A740-AB3B8A7BCC41}"
EndProject
Project("{2150E333-8FDC-42A3-9474-1A3956D46DE8}") = "UnloadableProjects", "UnloadableProjects", "{9AC49EF4-A91B-4C70-9EDE-21A6390AFE3F}"
EndProject
Project("{2150E333-8FDC-42A3-9474-1A3956D46DE8}") = "Hosting", "Hosting", "{F46FB4F6-FF82-4F10-A45B-11F298D812C2}"
EndProject
Project("{FAE04EC0-301F-11D3-BF4B-00C04F79EFBC}") = "ActivityRecorderService", "ActivityRecorderService\ActivityRecorderService.csproj", "{95BF4851-77A1-4738-9377-0C2BA92CF256}"
EndProject
Project("{FAE04EC0-301F-11D3-BF4B-00C04F79EFBC}") = "ActivityRecorderClient", "ActivityRecorderClient\ActivityRecorderClient.csproj", "{A8C067F6-C35E-4A9D-9414-86D68D650D8A}"
	ProjectSection(ProjectDependencies) = postProject
		{0AA0B422-FC38-45A0-BD08-03FFE89C7965} = {0AA0B422-FC38-45A0-BD08-03FFE89C7965}
		{95BF4851-77A1-4738-9377-0C2BA92CF256} = {95BF4851-77A1-4738-9377-0C2BA92CF256}
	EndProjectSection
EndProject
Project("{FAE04EC0-301F-11D3-BF4B-00C04F79EFBC}") = "ActivityRecorderServiceHost", "ActivityRecorderServiceHost\ActivityRecorderServiceHost.csproj", "{F23A1327-EBAA-4323-8667-3E5D11A2ABD9}"
EndProject
Project("{FAE04EC0-301F-11D3-BF4B-00C04F79EFBC}") = "ActivityStatsTester", "ActivityStatsTester\ActivityStatsTester.csproj", "{31231618-E996-41C1-B74E-BA670A3CBA46}"
	ProjectSection(ProjectDependencies) = postProject
		{95BF4851-77A1-4738-9377-0C2BA92CF256} = {95BF4851-77A1-4738-9377-0C2BA92CF256}
	EndProjectSection
EndProject
Project("{FAE04EC0-301F-11D3-BF4B-00C04F79EFBC}") = "ActivityRecorderService.Tests", "ActivityRecorderService.Tests\ActivityRecorderService.Tests.csproj", "{4C490B8E-A4B1-4DE7-A7EC-B8528FA4A194}"
EndProject
Project("{FAE04EC0-301F-11D3-BF4B-00C04F79EFBC}") = "ActivityRecorderClient.Tests", "ActivityRecorderClient.Tests\ActivityRecorderClient.Tests.csproj", "{3DBA024A-AA7E-42F3-817F-D3683867CF91}"
	ProjectSection(ProjectDependencies) = postProject
		{A8C067F6-C35E-4A9D-9414-86D68D650D8A} = {A8C067F6-C35E-4A9D-9414-86D68D650D8A}
	EndProjectSection
EndProject
Project("{FAE04EC0-301F-11D3-BF4B-00C04F79EFBC}") = "ActivityRecorderServiceConcurrencyTester", "ActivityRecorderServiceConcurrencyTester\ActivityRecorderServiceConcurrencyTester.csproj", "{D2655741-59D4-4E66-86B4-AAB6B98440D8}"
EndProject
Project("{FAE04EC0-301F-11D3-BF4B-00C04F79EFBC}") = "MobileActivityClient", "MobileActivityClient\MobileActivityClient.csproj", "{6A1D5C84-06AD-4371-A8C7-0E64E58D824F}"
	ProjectSection(ProjectDependencies) = postProject
		{95BF4851-77A1-4738-9377-0C2BA92CF256} = {95BF4851-77A1-4738-9377-0C2BA92CF256}
	EndProjectSection
EndProject
Project("{FAE04EC0-301F-11D3-BF4B-00C04F79EFBC}") = "MonitoringClient", "MonitoringClient\MonitoringClient.csproj", "{C726A41B-4AAA-4CDB-9CD5-75DBFEC3B912}"
	ProjectSection(ProjectDependencies) = postProject
		{95BF4851-77A1-4738-9377-0C2BA92CF256} = {95BF4851-77A1-4738-9377-0C2BA92CF256}
	EndProjectSection
EndProject
Project("{E24C65DC-7377-472B-9ABA-BC803B73C61A}") = "MonitoringClient.Web", "MonitoringClient.Web\", "{C5F6E179-D3B1-46F6-85E7-8A8387971204}"
	ProjectSection(WebsiteProperties) = preProject
		TargetFrameworkMoniker = ".NETFramework,Version%3Dv4.0"
		Debug.AspNetCompiler.VirtualPath = "/MonitoringClient.Web"
		Debug.AspNetCompiler.PhysicalPath = "MonitoringClient.Web\"
		Debug.AspNetCompiler.TargetPath = "PrecompiledWeb\MonitoringClient.Web\"
		Debug.AspNetCompiler.Updateable = "true"
		Debug.AspNetCompiler.ForceOverwrite = "true"
		Debug.AspNetCompiler.FixedNames = "false"
		Debug.AspNetCompiler.Debug = "True"
		Release.AspNetCompiler.VirtualPath = "/MonitoringClient.Web"
		Release.AspNetCompiler.PhysicalPath = "MonitoringClient.Web\"
		Release.AspNetCompiler.TargetPath = "PrecompiledWeb\MonitoringClient.Web\"
		Release.AspNetCompiler.Updateable = "true"
		Release.AspNetCompiler.ForceOverwrite = "true"
		Release.AspNetCompiler.FixedNames = "false"
		Release.AspNetCompiler.Debug = "False"
		VWDPort = "11034"
		SlnRelativePath = "MonitoringClient.Web\"
		DefaultWebSiteLanguage = "Visual C#"
		ProjOutputReferences = "{C726A41B-4AAA-4CDB-9CD5-75DBFEC3B912}|ClientBin|false;"
	EndProjectSection
EndProject
Project("{FAE04EC0-301F-11D3-BF4B-00C04F79EFBC}") = "BitmapManipulation", "BitmapManipulation\BitmapManipulation.csproj", "{E6D3F875-B52C-447A-9D95-52158DAC9B16}"
EndProject
Project("{FAE04EC0-301F-11D3-BF4B-00C04F79EFBC}") = "TctEncoder", "TctEncoder\TctEncoder.csproj", "{3EB736C4-62EA-4887-B040-948B13EF29B9}"
EndProject
Project("{930C7802-8A8C-48F9-8165-68863BCCD9DD}") = "MsiPackage", "Deployment\MsiPackage\MsiPackage.wixproj", "{C60E821E-CDDD-40C5-8AAE-74B575B36F29}"
EndProject
Project("{930C7802-8A8C-48F9-8165-68863BCCD9DD}") = "MsiAppService", "Deployment\MsiAppService\MsiAppService.wixproj", "{9D5FCFB6-C318-4DF5-BDDE-EF8782796A01}"
EndProject
Project("{FAE04EC0-301F-11D3-BF4B-00C04F79EFBC}") = "AppControlService", "AppControlService\AppControlService.csproj", "{7BB4CB3C-BC5C-406E-AA67-7779C6D86B99}"
EndProject
Project("{FAE04EC0-301F-11D3-BF4B-00C04F79EFBC}") = "bootstrap", "Deployment\bootstrap\bootstrap.csproj", "{737BF24A-5745-472D-9D5F-61DAC8C81404}"
EndProject
Project("{FAE04EC0-301F-11D3-BF4B-00C04F79EFBC}") = "JcSend", "JcSend\JcSend.csproj", "{E1128AB4-90CF-403D-9CF2-3BC63FD6CCC3}"
EndProject
Project("{FAE04EC0-301F-11D3-BF4B-00C04F79EFBC}") = "VoxCTRL", "VoxCTRL\VoxCTRL.csproj", "{860ADFC9-4C61-4A21-BBB6-BFDB843A17ED}"
	ProjectSection(ProjectDependencies) = postProject
		{737BF24A-5745-472D-9D5F-61DAC8C81404} = {737BF24A-5745-472D-9D5F-61DAC8C81404}
		{95BF4851-77A1-4738-9377-0C2BA92CF256} = {95BF4851-77A1-4738-9377-0C2BA92CF256}
		{3EB736C4-62EA-4887-B040-948B13EF29B9} = {3EB736C4-62EA-4887-B040-948B13EF29B9}
	EndProjectSection
EndProject
Project("{FAE04EC0-301F-11D3-BF4B-00C04F79EFBC}") = "OutlookInteropService", "OutlookInterop\OutlookInteropService\OutlookInteropService.csproj", "{5308DD77-3C75-4D0B-B1F5-B725DC1BC273}"
EndProject
Project("{FAE04EC0-301F-11D3-BF4B-00C04F79EFBC}") = "OutlookInteropServiceHost", "OutlookInterop\OutlookInteropServiceHost\OutlookInteropServiceHost.csproj", "{FFD01671-8818-431B-805C-581B0281C694}"
EndProject
Project("{FAE04EC0-301F-11D3-BF4B-00C04F79EFBC}") = "PlaybackClient", "PlaybackClient\PlaybackClient.csproj", "{B70E1C31-896C-44A9-9689-0F90E3B64D2A}"
	ProjectSection(ProjectDependencies) = postProject
		{95BF4851-77A1-4738-9377-0C2BA92CF256} = {95BF4851-77A1-4738-9377-0C2BA92CF256}
	EndProjectSection
EndProject
Project("{FAE04EC0-301F-11D3-BF4B-00C04F79EFBC}") = "PlaybackClient.Tests", "PlaybackClient.Tests\PlaybackClient.Tests.csproj", "{5D2697F5-5AD9-4B89-8AF4-8836D1224AD2}"
EndProject
Project("{FAE04EC0-301F-11D3-BF4B-00C04F79EFBC}") = "ActivityRecorderServiceWindowsHost", "ActivityRecorderServiceWindowsHost\ActivityRecorderServiceWindowsHost.csproj", "{2233E490-458C-449D-AA51-A5EB1FF3C80B}"
EndProject
Project("{930C7802-8A8C-48F9-8165-68863BCCD9DD}") = "MsiVoxCTRL", "Deployment\MsiVoxCTRL\MsiVoxCTRL.wixproj", "{888CB9FF-5627-4389-AAE3-62E1AE0D4BFB}"
EndProject
Project("{2150E333-8FDC-42A3-9474-1A3956D46DE8}") = "LotusNotesSync", "LotusNotesSync", "{7F64F0EB-E04B-41D4-9760-EA6F40F38662}"
EndProject
Project("{FAE04EC0-301F-11D3-BF4B-00C04F79EFBC}") = "LotusNotesMeetingCaptureServiceHost", "LotusNotesSync\LotusNotesMeetingCaptureServiceHost\LotusNotesMeetingCaptureServiceHost.csproj", "{B63D07C8-3544-4CC7-A90A-3595D2B64519}"
EndProject
Project("{FAE04EC0-301F-11D3-BF4B-00C04F79EFBC}") = "LotusNotesMeetingCaptureService", "LotusNotesSync\LotusNotesMeetingCaptureService\LotusNotesMeetingCaptureService.csproj", "{86E65C5A-8970-44EA-959F-B43A8CE0E435}"
EndProject
Project("{FAE04EC0-301F-11D3-BF4B-00C04F79EFBC}") = "OutlookMeetingCaptureService", "OutlookSync\OutlookMeetingCaptureService\OutlookMeetingCaptureService.csproj", "{B652E483-62D8-4A7D-9A49-9BC1AFBFA3A4}"
EndProject
Project("{FAE04EC0-301F-11D3-BF4B-00C04F79EFBC}") = "OutlookMeetingCaptureServiceHost", "OutlookSync\OutlookMeetingCaptureServiceHost\OutlookMeetingCaptureServiceHost.csproj", "{6BC16C0A-CBB3-4BA6-A215-65C5426A0B80}"
EndProject
Project("{FAE04EC0-301F-11D3-BF4B-00C04F79EFBC}") = "MetroFramework", "winforms-modernui\MetroFramework\MetroFramework.csproj", "{BB41AC8B-CBED-4387-A7E0-4567EDB3F57F}"
EndProject
Project("{2150E333-8FDC-42A3-9474-1A3956D46DE8}") = "ModernUI", "ModernUI", "{ADD30BC8-DBB5-41B7-A3F5-3C1EB676159E}"
EndProject
Project("{FAE04EC0-301F-11D3-BF4B-00C04F79EFBC}") = "MetroFramework.Design", "winforms-modernui\MetroFramework.Design\MetroFramework.Design.csproj", "{7316584D-9A16-4280-A8AB-6D45198C6E4D}"
EndProject
Project("{00D1A9C2-B5F0-4AF3-8072-F6C62B433612}") = "RecorderDatabase", "RecorderDatabase\RecorderDatabase.sqlproj", "{12B4F3C8-6720-418A-A86A-E71DAB509C6C}"
EndProject
Project("{FAE04EC0-301F-11D3-BF4B-00C04F79EFBC}") = "DeployService", "DeployService\DeployService.csproj", "{B0AE5A8F-8BC9-47A7-AD36-1660E4F42ADC}"
EndProject
Project("{2150E333-8FDC-42A3-9474-1A3956D46DE8}") = "Tools", "Tools", "{81889655-02AB-4332-9374-06AA19797361}"
EndProject
Project("{FAE04EC0-301F-11D3-BF4B-00C04F79EFBC}") = "ChromeNativeMessagingHost", "ChromeNativeMessagingHost\ChromeNativeMessagingHost.csproj", "{E35F07A4-88F2-451A-84A7-F486DE3A19C1}"
EndProject
Project("{FAE04EC0-301F-11D3-BF4B-00C04F79EFBC}") = "Ocr", "Ocr\Ocr.csproj", "{AE73C941-3FFB-4E60-9A3E-0456ABA691BD}"
EndProject
Project("{FAE04EC0-301F-11D3-BF4B-00C04F79EFBC}") = "Reporter", "Reporter\Reporter.csproj", "{44454BF5-7755-446E-8286-26B290B93443}"
EndProject
Project("{2150E333-8FDC-42A3-9474-1A3956D46DE8}") = "Reporting", "Reporting", "{2F0A511F-25F1-4788-A5C9-FE788B248814}"
EndProject
Project("{FAE04EC0-301F-11D3-BF4B-00C04F79EFBC}") = "CustomReport", "CustomReport\CustomReport.csproj", "{744DF859-2F18-4900-9D2A-D482897D8F65}"
EndProject
Project("{2150E333-8FDC-42A3-9474-1A3956D46DE8}") = "JcMon", "JcMon", "{F0B3F1CC-A4C3-4DCC-9FBD-2A68178D2619}"
EndProject
Project("{FAE04EC0-301F-11D3-BF4B-00C04F79EFBC}") = "JcExtract", "JcMon2\JcExtract\JcExtract.csproj", "{B1550E09-6199-47A7-93D4-5A8AEEBDB936}"
EndProject
Project("{FAE04EC0-301F-11D3-BF4B-00C04F79EFBC}") = "JcMon2", "JcMon2\JcMon2\JcMon2.csproj", "{4FBA4338-281A-4ECD-84E9-D9A5667DE97A}"
EndProject
Project("{FAE04EC0-301F-11D3-BF4B-00C04F79EFBC}") = "JcMonViewer", "JcMon2\JcMonViewer\JcMonViewer.csproj", "{A4902456-97CD-4D3E-ACD7-67A5239C2321}"
EndProject
Project("{FAE04EC0-301F-11D3-BF4B-00C04F79EFBC}") = "Reporting.Core", "Reporting.Core\Reporting.Core.csproj", "{DE7DB5E4-E46F-4F25-8191-D4CCCC4353AE}"
EndProject
Project("{FAE04EC0-301F-11D3-BF4B-00C04F79EFBC}") = "Reporting.Test", "Reporting.Test\Reporting.Test.csproj", "{2E3DF5C2-8A38-4A03-86D7-8D463C917E47}"
EndProject
Project("{FAE04EC0-301F-11D3-BF4B-00C04F79EFBC}") = "CustomActions", "CustomActions\CustomActions.csproj", "{6D1D5572-0953-444C-8C9C-6B5D6BC4230D}"
EndProject
Project("{2150E333-8FDC-42A3-9474-1A3956D46DE8}") = "OutlookAddin", "OutlookAddin", "{BE8284D8-1BC5-4C7A-A1E7-4033A25169CB}"
EndProject
Project("{FAE04EC0-301F-11D3-BF4B-00C04F79EFBC}") = "MailActivityTracker", "OutlookAddin\MailActivityTracker\MailActivityTracker.csproj", "{1FB95233-BA3D-4C1A-9868-79980A8344D9}"
EndProject
Project("{2150E333-8FDC-42A3-9474-1A3956D46DE8}") = ".nuget", ".nuget", "{36FAA488-2A40-4111-A924-C4303F536843}"
	ProjectSection(SolutionItems) = preProject
		.nuget\NuGet.Config = .nuget\NuGet.Config
		.nuget\NuGet.exe = .nuget\NuGet.exe
		.nuget\NuGet.targets = .nuget\NuGet.targets
	EndProjectSection
EndProject
Project("{FAE04EC0-301F-11D3-BF4B-00C04F79EFBC}") = "JCmon", "JcMon\JCmon.csproj", "{2CE5D8CB-3C35-4D4C-A456-4852F967735C}"
EndProject
Project("{2150E333-8FDC-42A3-9474-1A3956D46DE8}") = "JiraSync", "JiraSync", "{839074B1-6BF8-4D70-8DD0-F5922913798A}"
EndProject
Project("{FAE04EC0-301F-11D3-BF4B-00C04F79EFBC}") = "JcSAP", "JcSAP\JcSAP.csproj", "{BB9BEC81-6264-4DC0-A5E0-9FFA1838CE3F}"
EndProject
Project("{FAE04EC0-301F-11D3-BF4B-00C04F79EFBC}") = "JiraSyncTool", "JiraSyncTool\JiraSyncTool.csproj", "{F4317AE6-6C19-4AA7-A789-0F4BE69EE6E9}"
EndProject
Project("{FAE04EC0-301F-11D3-BF4B-00C04F79EFBC}") = "JiraSyncTool.Test", "JiraSyncTool.Test\JiraSyncTool.Test.csproj", "{E1754B82-5794-479B-AA70-DAA2258B23E7}"
EndProject
Project("{FAE04EC0-301F-11D3-BF4B-00C04F79EFBC}") = "JabApiLib", "JabApiLib\JabApiLib.csproj", "{2AAA4F8A-58F7-4632-9A35-07F01AA6E171}"
EndProject
Project("{930C7802-8A8C-48F9-8165-68863BCCD9DD}") = "MsiJiraSyncService", "MsiJiraSyncService\MsiJiraSyncService.wixproj", "{6BE3117B-0B9E-4698-887E-2EC4ED16A619}"
EndProject
Project("{FAE04EC0-301F-11D3-BF4B-00C04F79EFBC}") = "JavaMon", "JavaMon\JavaMon.csproj", "{EBB08E4E-1E01-4945-B417-0D516056C167}"
EndProject
Project("{FAE04EC0-301F-11D3-BF4B-00C04F79EFBC}") = "JC.Removal", "JC.Removal\JC.Removal.csproj", "{5D79E9A5-A6C4-47A8-A4B5-67E412687A14}"
EndProject
Project("{2150E333-8FDC-42A3-9474-1A3956D46DE8}") = "Java", "Java", "{63A8991A-97EE-4285-ADD7-D3358569C8EE}"
EndProject
Project("{FAE04EC0-301F-11D3-BF4B-00C04F79EFBC}") = "JavaCaptureServiceHost", "JavaCaptureServiceHost\JavaCaptureServiceHost.csproj", "{E583A79D-2AE5-4308-9539-0D8A906527B3}"
EndProject
Project("{FAE04EC0-301F-11D3-BF4B-00C04F79EFBC}") = "ConfigGenerator", "ConfigGenerator\ConfigGenerator.csproj", "{2F779FA3-627A-4EB6-AA9D-D028DCD01463}"
EndProject
Project("{FAE04EC0-301F-11D3-BF4B-00C04F79EFBC}") = "ProxyDataRouter", "ProxyDataRouter\ProxyDataRouter.csproj", "{4761CE46-2DFD-4640-BD52-6B5BAF6475CD}"
	ProjectSection(ProjectDependencies) = postProject
		{95BF4851-77A1-4738-9377-0C2BA92CF256} = {95BF4851-77A1-4738-9377-0C2BA92CF256}
	EndProjectSection
EndProject
Project("{FAE04EC0-301F-11D3-BF4B-00C04F79EFBC}") = "ProxyDataRouterService", "ProxyDataRouterService\ProxyDataRouterService.csproj", "{C277AE32-F366-47EF-A3BA-D3BAF7BDAB21}"
EndProject
Project("{8BC9CEB8-8B4A-11D0-8D11-00A0C91BC942}") = "ImageTools", "ImageTools\ImageTools.vcxproj", "{0AA0B422-FC38-45A0-BD08-03FFE89C7965}"
EndProject
Project("{FAE04EC0-301F-11D3-BF4B-00C04F79EFBC}") = "MouseKeyboardActivityDetector", "MouseKeyboardActivityDetector\MouseKeyboardActivityDetector.csproj", "{DFF27D3B-B7B5-4E51-BA24-D148FF231BB2}"
EndProject
Global
	GlobalSection(SolutionConfigurationPlatforms) = preSolution
		Debug|Any CPU = Debug|Any CPU
		Debug|Mixed Platforms = Debug|Mixed Platforms
		Debug|x64 = Debug|x64
		Debug|x86 = Debug|x86
		Release|Any CPU = Release|Any CPU
		Release|Mixed Platforms = Release|Mixed Platforms
		Release|x64 = Release|x64
		Release|x86 = Release|x86
	EndGlobalSection
	GlobalSection(ProjectConfigurationPlatforms) = postSolution
		{95BF4851-77A1-4738-9377-0C2BA92CF256}.Debug|Any CPU.ActiveCfg = Debug|Any CPU
		{95BF4851-77A1-4738-9377-0C2BA92CF256}.Debug|Any CPU.Build.0 = Debug|Any CPU
		{95BF4851-77A1-4738-9377-0C2BA92CF256}.Debug|Mixed Platforms.ActiveCfg = Debug|Any CPU
		{95BF4851-77A1-4738-9377-0C2BA92CF256}.Debug|Mixed Platforms.Build.0 = Debug|Any CPU
		{95BF4851-77A1-4738-9377-0C2BA92CF256}.Debug|x64.ActiveCfg = Debug|Any CPU
		{95BF4851-77A1-4738-9377-0C2BA92CF256}.Debug|x64.Build.0 = Debug|Any CPU
		{95BF4851-77A1-4738-9377-0C2BA92CF256}.Debug|x86.ActiveCfg = Debug|Any CPU
		{95BF4851-77A1-4738-9377-0C2BA92CF256}.Release|Any CPU.ActiveCfg = Release|Any CPU
		{95BF4851-77A1-4738-9377-0C2BA92CF256}.Release|Mixed Platforms.ActiveCfg = Release|Any CPU
		{95BF4851-77A1-4738-9377-0C2BA92CF256}.Release|Mixed Platforms.Build.0 = Release|Any CPU
		{95BF4851-77A1-4738-9377-0C2BA92CF256}.Release|x64.ActiveCfg = Release|Any CPU
		{95BF4851-77A1-4738-9377-0C2BA92CF256}.Release|x64.Build.0 = Release|Any CPU
		{95BF4851-77A1-4738-9377-0C2BA92CF256}.Release|x86.ActiveCfg = Release|Any CPU
		{A8C067F6-C35E-4A9D-9414-86D68D650D8A}.Debug|Any CPU.ActiveCfg = Debug|MixedWix
		{A8C067F6-C35E-4A9D-9414-86D68D650D8A}.Debug|Any CPU.Build.0 = Debug|MixedWix
		{A8C067F6-C35E-4A9D-9414-86D68D650D8A}.Debug|Mixed Platforms.ActiveCfg = Debug|MixedWix
		{A8C067F6-C35E-4A9D-9414-86D68D650D8A}.Debug|Mixed Platforms.Build.0 = Debug|MixedWix
		{A8C067F6-C35E-4A9D-9414-86D68D650D8A}.Debug|x64.ActiveCfg = Debug|MixedCo
		{A8C067F6-C35E-4A9D-9414-86D68D650D8A}.Debug|x86.ActiveCfg = Debug|MixedCo
		{A8C067F6-C35E-4A9D-9414-86D68D650D8A}.Release|Any CPU.ActiveCfg = Release|MixedWix
		{A8C067F6-C35E-4A9D-9414-86D68D650D8A}.Release|Mixed Platforms.ActiveCfg = Release|MixedWix
		{A8C067F6-C35E-4A9D-9414-86D68D650D8A}.Release|Mixed Platforms.Build.0 = Release|MixedWix
		{A8C067F6-C35E-4A9D-9414-86D68D650D8A}.Release|x64.ActiveCfg = Release|MixedCo
		{A8C067F6-C35E-4A9D-9414-86D68D650D8A}.Release|x86.ActiveCfg = Release|MixedCo
		{F23A1327-EBAA-4323-8667-3E5D11A2ABD9}.Debug|Any CPU.ActiveCfg = Debug|Any CPU
		{F23A1327-EBAA-4323-8667-3E5D11A2ABD9}.Debug|Any CPU.Build.0 = Debug|Any CPU
		{F23A1327-EBAA-4323-8667-3E5D11A2ABD9}.Debug|Mixed Platforms.ActiveCfg = Debug|Any CPU
		{F23A1327-EBAA-4323-8667-3E5D11A2ABD9}.Debug|Mixed Platforms.Build.0 = Debug|Any CPU
		{F23A1327-EBAA-4323-8667-3E5D11A2ABD9}.Debug|x64.ActiveCfg = Debug|Any CPU
		{F23A1327-EBAA-4323-8667-3E5D11A2ABD9}.Debug|x64.Build.0 = Debug|Any CPU
		{F23A1327-EBAA-4323-8667-3E5D11A2ABD9}.Debug|x86.ActiveCfg = Debug|Any CPU
		{F23A1327-EBAA-4323-8667-3E5D11A2ABD9}.Release|Any CPU.ActiveCfg = Release|Any CPU
		{F23A1327-EBAA-4323-8667-3E5D11A2ABD9}.Release|Mixed Platforms.ActiveCfg = Release|Any CPU
		{F23A1327-EBAA-4323-8667-3E5D11A2ABD9}.Release|Mixed Platforms.Build.0 = Release|Any CPU
		{F23A1327-EBAA-4323-8667-3E5D11A2ABD9}.Release|x64.ActiveCfg = Release|Any CPU
		{F23A1327-EBAA-4323-8667-3E5D11A2ABD9}.Release|x64.Build.0 = Release|Any CPU
		{F23A1327-EBAA-4323-8667-3E5D11A2ABD9}.Release|x86.ActiveCfg = Release|Any CPU
		{31231618-E996-41C1-B74E-BA670A3CBA46}.Debug|Any CPU.ActiveCfg = Debug|Any CPU
		{31231618-E996-41C1-B74E-BA670A3CBA46}.Debug|Mixed Platforms.ActiveCfg = Debug|Any CPU
		{31231618-E996-41C1-B74E-BA670A3CBA46}.Debug|Mixed Platforms.Build.0 = Debug|Any CPU
		{31231618-E996-41C1-B74E-BA670A3CBA46}.Debug|x64.ActiveCfg = Debug|Any CPU
		{31231618-E996-41C1-B74E-BA670A3CBA46}.Debug|x64.Build.0 = Debug|Any CPU
		{31231618-E996-41C1-B74E-BA670A3CBA46}.Debug|x86.ActiveCfg = Debug|Any CPU
		{31231618-E996-41C1-B74E-BA670A3CBA46}.Release|Any CPU.ActiveCfg = Release|Any CPU
		{31231618-E996-41C1-B74E-BA670A3CBA46}.Release|Mixed Platforms.ActiveCfg = Release|Any CPU
		{31231618-E996-41C1-B74E-BA670A3CBA46}.Release|Mixed Platforms.Build.0 = Release|Any CPU
		{31231618-E996-41C1-B74E-BA670A3CBA46}.Release|x64.ActiveCfg = Release|Any CPU
		{31231618-E996-41C1-B74E-BA670A3CBA46}.Release|x64.Build.0 = Release|Any CPU
		{31231618-E996-41C1-B74E-BA670A3CBA46}.Release|x86.ActiveCfg = Release|Any CPU
		{4C490B8E-A4B1-4DE7-A7EC-B8528FA4A194}.Debug|Any CPU.ActiveCfg = Debug|Any CPU
		{4C490B8E-A4B1-4DE7-A7EC-B8528FA4A194}.Debug|Mixed Platforms.ActiveCfg = Debug|Any CPU
		{4C490B8E-A4B1-4DE7-A7EC-B8528FA4A194}.Debug|Mixed Platforms.Build.0 = Debug|Any CPU
		{4C490B8E-A4B1-4DE7-A7EC-B8528FA4A194}.Debug|x64.ActiveCfg = Debug|Any CPU
		{4C490B8E-A4B1-4DE7-A7EC-B8528FA4A194}.Debug|x64.Build.0 = Debug|Any CPU
		{4C490B8E-A4B1-4DE7-A7EC-B8528FA4A194}.Debug|x86.ActiveCfg = Debug|Any CPU
		{4C490B8E-A4B1-4DE7-A7EC-B8528FA4A194}.Release|Any CPU.ActiveCfg = Release|Any CPU
		{4C490B8E-A4B1-4DE7-A7EC-B8528FA4A194}.Release|Mixed Platforms.ActiveCfg = Release|Any CPU
		{4C490B8E-A4B1-4DE7-A7EC-B8528FA4A194}.Release|Mixed Platforms.Build.0 = Release|Any CPU
		{4C490B8E-A4B1-4DE7-A7EC-B8528FA4A194}.Release|x64.ActiveCfg = Release|Any CPU
		{4C490B8E-A4B1-4DE7-A7EC-B8528FA4A194}.Release|x64.Build.0 = Release|Any CPU
		{4C490B8E-A4B1-4DE7-A7EC-B8528FA4A194}.Release|x86.ActiveCfg = Release|Any CPU
		{3DBA024A-AA7E-42F3-817F-D3683867CF91}.Debug|Any CPU.ActiveCfg = Debug|Any CPU
		{3DBA024A-AA7E-42F3-817F-D3683867CF91}.Debug|Mixed Platforms.ActiveCfg = Debug|Any CPU
		{3DBA024A-AA7E-42F3-817F-D3683867CF91}.Debug|Mixed Platforms.Build.0 = Debug|Any CPU
		{3DBA024A-AA7E-42F3-817F-D3683867CF91}.Debug|x64.ActiveCfg = Debug|Any CPU
		{3DBA024A-AA7E-42F3-817F-D3683867CF91}.Debug|x64.Build.0 = Debug|Any CPU
		{3DBA024A-AA7E-42F3-817F-D3683867CF91}.Debug|x86.ActiveCfg = Debug|Any CPU
		{3DBA024A-AA7E-42F3-817F-D3683867CF91}.Release|Any CPU.ActiveCfg = Release|Any CPU
		{3DBA024A-AA7E-42F3-817F-D3683867CF91}.Release|Mixed Platforms.ActiveCfg = Release|Any CPU
		{3DBA024A-AA7E-42F3-817F-D3683867CF91}.Release|Mixed Platforms.Build.0 = Release|Any CPU
		{3DBA024A-AA7E-42F3-817F-D3683867CF91}.Release|x64.ActiveCfg = Release|Any CPU
		{3DBA024A-AA7E-42F3-817F-D3683867CF91}.Release|x64.Build.0 = Release|Any CPU
		{3DBA024A-AA7E-42F3-817F-D3683867CF91}.Release|x86.ActiveCfg = Release|Any CPU
		{D2655741-59D4-4E66-86B4-AAB6B98440D8}.Debug|Any CPU.ActiveCfg = Debug|Any CPU
		{D2655741-59D4-4E66-86B4-AAB6B98440D8}.Debug|Mixed Platforms.ActiveCfg = Debug|Any CPU
		{D2655741-59D4-4E66-86B4-AAB6B98440D8}.Debug|Mixed Platforms.Build.0 = Debug|Any CPU
		{D2655741-59D4-4E66-86B4-AAB6B98440D8}.Debug|x64.ActiveCfg = Debug|Any CPU
		{D2655741-59D4-4E66-86B4-AAB6B98440D8}.Debug|x64.Build.0 = Debug|Any CPU
		{D2655741-59D4-4E66-86B4-AAB6B98440D8}.Debug|x86.ActiveCfg = Debug|Any CPU
		{D2655741-59D4-4E66-86B4-AAB6B98440D8}.Release|Any CPU.ActiveCfg = Release|Any CPU
		{D2655741-59D4-4E66-86B4-AAB6B98440D8}.Release|Mixed Platforms.ActiveCfg = Release|Any CPU
		{D2655741-59D4-4E66-86B4-AAB6B98440D8}.Release|Mixed Platforms.Build.0 = Release|Any CPU
		{D2655741-59D4-4E66-86B4-AAB6B98440D8}.Release|x64.ActiveCfg = Release|Any CPU
		{D2655741-59D4-4E66-86B4-AAB6B98440D8}.Release|x64.Build.0 = Release|Any CPU
		{D2655741-59D4-4E66-86B4-AAB6B98440D8}.Release|x86.ActiveCfg = Release|Any CPU
		{6A1D5C84-06AD-4371-A8C7-0E64E58D824F}.Debug|Any CPU.ActiveCfg = Debug|Any CPU
		{6A1D5C84-06AD-4371-A8C7-0E64E58D824F}.Debug|Mixed Platforms.ActiveCfg = Debug|Any CPU
		{6A1D5C84-06AD-4371-A8C7-0E64E58D824F}.Debug|Mixed Platforms.Build.0 = Debug|Any CPU
		{6A1D5C84-06AD-4371-A8C7-0E64E58D824F}.Debug|x64.ActiveCfg = Debug|Any CPU
		{6A1D5C84-06AD-4371-A8C7-0E64E58D824F}.Debug|x64.Build.0 = Debug|Any CPU
		{6A1D5C84-06AD-4371-A8C7-0E64E58D824F}.Debug|x86.ActiveCfg = Debug|Any CPU
		{6A1D5C84-06AD-4371-A8C7-0E64E58D824F}.Release|Any CPU.ActiveCfg = Release|Any CPU
		{6A1D5C84-06AD-4371-A8C7-0E64E58D824F}.Release|Mixed Platforms.ActiveCfg = Release|Any CPU
		{6A1D5C84-06AD-4371-A8C7-0E64E58D824F}.Release|Mixed Platforms.Build.0 = Release|Any CPU
		{6A1D5C84-06AD-4371-A8C7-0E64E58D824F}.Release|x64.ActiveCfg = Release|Any CPU
		{6A1D5C84-06AD-4371-A8C7-0E64E58D824F}.Release|x64.Build.0 = Release|Any CPU
		{6A1D5C84-06AD-4371-A8C7-0E64E58D824F}.Release|x86.ActiveCfg = Release|Any CPU
		{C726A41B-4AAA-4CDB-9CD5-75DBFEC3B912}.Debug|Any CPU.ActiveCfg = Debug|Any CPU
		{C726A41B-4AAA-4CDB-9CD5-75DBFEC3B912}.Debug|Mixed Platforms.ActiveCfg = Debug|Any CPU
		{C726A41B-4AAA-4CDB-9CD5-75DBFEC3B912}.Debug|Mixed Platforms.Build.0 = Debug|Any CPU
		{C726A41B-4AAA-4CDB-9CD5-75DBFEC3B912}.Debug|x64.ActiveCfg = Debug|Any CPU
		{C726A41B-4AAA-4CDB-9CD5-75DBFEC3B912}.Debug|x86.ActiveCfg = Debug|Any CPU
		{C726A41B-4AAA-4CDB-9CD5-75DBFEC3B912}.Release|Any CPU.ActiveCfg = Release|Any CPU
		{C726A41B-4AAA-4CDB-9CD5-75DBFEC3B912}.Release|Mixed Platforms.ActiveCfg = Release|Any CPU
		{C726A41B-4AAA-4CDB-9CD5-75DBFEC3B912}.Release|Mixed Platforms.Build.0 = Release|Any CPU
		{C726A41B-4AAA-4CDB-9CD5-75DBFEC3B912}.Release|x64.ActiveCfg = Release|Any CPU
		{C726A41B-4AAA-4CDB-9CD5-75DBFEC3B912}.Release|x86.ActiveCfg = Release|Any CPU
		{C5F6E179-D3B1-46F6-85E7-8A8387971204}.Debug|Any CPU.ActiveCfg = Debug|Any CPU
		{C5F6E179-D3B1-46F6-85E7-8A8387971204}.Debug|Mixed Platforms.ActiveCfg = Debug|Any CPU
		{C5F6E179-D3B1-46F6-85E7-8A8387971204}.Debug|x64.ActiveCfg = Debug|Any CPU
		{C5F6E179-D3B1-46F6-85E7-8A8387971204}.Debug|x64.Build.0 = Debug|Any CPU
		{C5F6E179-D3B1-46F6-85E7-8A8387971204}.Debug|x86.ActiveCfg = Debug|Any CPU
		{C5F6E179-D3B1-46F6-85E7-8A8387971204}.Release|Any CPU.ActiveCfg = Debug|Any CPU
		{C5F6E179-D3B1-46F6-85E7-8A8387971204}.Release|Mixed Platforms.ActiveCfg = Debug|Any CPU
		{C5F6E179-D3B1-46F6-85E7-8A8387971204}.Release|Mixed Platforms.Build.0 = Debug|Any CPU
		{C5F6E179-D3B1-46F6-85E7-8A8387971204}.Release|x64.ActiveCfg = Debug|Any CPU
		{C5F6E179-D3B1-46F6-85E7-8A8387971204}.Release|x64.Build.0 = Debug|Any CPU
		{C5F6E179-D3B1-46F6-85E7-8A8387971204}.Release|x86.ActiveCfg = Debug|Any CPU
		{E6D3F875-B52C-447A-9D95-52158DAC9B16}.Debug|Any CPU.ActiveCfg = Debug|MixedWix
		{E6D3F875-B52C-447A-9D95-52158DAC9B16}.Debug|Mixed Platforms.ActiveCfg = Debug|MixedWix
		{E6D3F875-B52C-447A-9D95-52158DAC9B16}.Debug|Mixed Platforms.Build.0 = Debug|MixedWix
		{E6D3F875-B52C-447A-9D95-52158DAC9B16}.Debug|x64.ActiveCfg = Debug|MixedCo
		{E6D3F875-B52C-447A-9D95-52158DAC9B16}.Debug|x86.ActiveCfg = Debug|MixedCo
		{E6D3F875-B52C-447A-9D95-52158DAC9B16}.Release|Any CPU.ActiveCfg = Release|MixedWix
		{E6D3F875-B52C-447A-9D95-52158DAC9B16}.Release|Mixed Platforms.ActiveCfg = Release|MixedWix
		{E6D3F875-B52C-447A-9D95-52158DAC9B16}.Release|Mixed Platforms.Build.0 = Release|MixedWix
		{E6D3F875-B52C-447A-9D95-52158DAC9B16}.Release|x64.ActiveCfg = Release|MixedCo
		{E6D3F875-B52C-447A-9D95-52158DAC9B16}.Release|x86.ActiveCfg = Release|MixedCo
		{3EB736C4-62EA-4887-B040-948B13EF29B9}.Debug|Any CPU.ActiveCfg = Debug|MixedWix
		{3EB736C4-62EA-4887-B040-948B13EF29B9}.Debug|Any CPU.Build.0 = Debug|MixedWix
		{3EB736C4-62EA-4887-B040-948B13EF29B9}.Debug|Mixed Platforms.ActiveCfg = Debug|MixedWix
		{3EB736C4-62EA-4887-B040-948B13EF29B9}.Debug|Mixed Platforms.Build.0 = Debug|MixedWix
		{3EB736C4-62EA-4887-B040-948B13EF29B9}.Debug|x64.ActiveCfg = Debug|MixedCo
		{3EB736C4-62EA-4887-B040-948B13EF29B9}.Debug|x86.ActiveCfg = Debug|MixedCo
		{3EB736C4-62EA-4887-B040-948B13EF29B9}.Release|Any CPU.ActiveCfg = Release|MixedWix
		{3EB736C4-62EA-4887-B040-948B13EF29B9}.Release|Mixed Platforms.ActiveCfg = Release|MixedWix
		{3EB736C4-62EA-4887-B040-948B13EF29B9}.Release|Mixed Platforms.Build.0 = Release|MixedWix
		{3EB736C4-62EA-4887-B040-948B13EF29B9}.Release|x64.ActiveCfg = Release|MixedCo
		{3EB736C4-62EA-4887-B040-948B13EF29B9}.Release|x86.ActiveCfg = Release|MixedCo
		{C60E821E-CDDD-40C5-8AAE-74B575B36F29}.Debug|Any CPU.ActiveCfg = Debug|MixedWix
		{C60E821E-CDDD-40C5-8AAE-74B575B36F29}.Debug|Mixed Platforms.ActiveCfg = Debug|MixedWix
		{C60E821E-CDDD-40C5-8AAE-74B575B36F29}.Debug|Mixed Platforms.Build.0 = Debug|MixedWix
		{C60E821E-CDDD-40C5-8AAE-74B575B36F29}.Debug|x64.ActiveCfg = Debug|MixedWix
		{C60E821E-CDDD-40C5-8AAE-74B575B36F29}.Debug|x86.ActiveCfg = Debug|MixedWix
		{C60E821E-CDDD-40C5-8AAE-74B575B36F29}.Release|Any CPU.ActiveCfg = Release|MixedWix
		{C60E821E-CDDD-40C5-8AAE-74B575B36F29}.Release|Mixed Platforms.ActiveCfg = Release|MixedWix
		{C60E821E-CDDD-40C5-8AAE-74B575B36F29}.Release|Mixed Platforms.Build.0 = Release|MixedWix
		{C60E821E-CDDD-40C5-8AAE-74B575B36F29}.Release|x64.ActiveCfg = Release|MixedWix
		{C60E821E-CDDD-40C5-8AAE-74B575B36F29}.Release|x86.ActiveCfg = Release|MixedWix
		{9D5FCFB6-C318-4DF5-BDDE-EF8782796A01}.Debug|Any CPU.ActiveCfg = Debug|x86
		{9D5FCFB6-C318-4DF5-BDDE-EF8782796A01}.Debug|Mixed Platforms.ActiveCfg = Debug|x86
		{9D5FCFB6-C318-4DF5-BDDE-EF8782796A01}.Debug|Mixed Platforms.Build.0 = Debug|x86
		{9D5FCFB6-C318-4DF5-BDDE-EF8782796A01}.Debug|x64.ActiveCfg = Debug|x86
		{9D5FCFB6-C318-4DF5-BDDE-EF8782796A01}.Debug|x86.ActiveCfg = Debug|x86
		{9D5FCFB6-C318-4DF5-BDDE-EF8782796A01}.Release|Any CPU.ActiveCfg = Release|x86
		{9D5FCFB6-C318-4DF5-BDDE-EF8782796A01}.Release|Mixed Platforms.ActiveCfg = Release|x86
		{9D5FCFB6-C318-4DF5-BDDE-EF8782796A01}.Release|Mixed Platforms.Build.0 = Release|x86
		{9D5FCFB6-C318-4DF5-BDDE-EF8782796A01}.Release|x64.ActiveCfg = Release|x86
		{9D5FCFB6-C318-4DF5-BDDE-EF8782796A01}.Release|x86.ActiveCfg = Release|x86
		{9D5FCFB6-C318-4DF5-BDDE-EF8782796A01}.Release|x86.Build.0 = Release|x86
		{7BB4CB3C-BC5C-406E-AA67-7779C6D86B99}.Debug|Any CPU.ActiveCfg = Debug|MixedWix
		{7BB4CB3C-BC5C-406E-AA67-7779C6D86B99}.Debug|Mixed Platforms.ActiveCfg = Debug|MixedWix
		{7BB4CB3C-BC5C-406E-AA67-7779C6D86B99}.Debug|Mixed Platforms.Build.0 = Debug|MixedWix
		{7BB4CB3C-BC5C-406E-AA67-7779C6D86B99}.Debug|x64.ActiveCfg = Debug|MixedCo
		{7BB4CB3C-BC5C-406E-AA67-7779C6D86B99}.Debug|x86.ActiveCfg = Debug|MixedWix
		{7BB4CB3C-BC5C-406E-AA67-7779C6D86B99}.Release|Any CPU.ActiveCfg = Release|MixedWix
		{7BB4CB3C-BC5C-406E-AA67-7779C6D86B99}.Release|Mixed Platforms.ActiveCfg = Release|MixedWix
		{7BB4CB3C-BC5C-406E-AA67-7779C6D86B99}.Release|Mixed Platforms.Build.0 = Release|MixedWix
		{7BB4CB3C-BC5C-406E-AA67-7779C6D86B99}.Release|x64.ActiveCfg = Release|MixedCo
		{7BB4CB3C-BC5C-406E-AA67-7779C6D86B99}.Release|x86.ActiveCfg = Release|MixedWix
		{737BF24A-5745-472D-9D5F-61DAC8C81404}.Debug|Any CPU.ActiveCfg = Debug|MixedWix
		{737BF24A-5745-472D-9D5F-61DAC8C81404}.Debug|Mixed Platforms.ActiveCfg = Debug|MixedWix
		{737BF24A-5745-472D-9D5F-61DAC8C81404}.Debug|Mixed Platforms.Build.0 = Debug|MixedWix
		{737BF24A-5745-472D-9D5F-61DAC8C81404}.Debug|x64.ActiveCfg = Debug|MixedCo
		{737BF24A-5745-472D-9D5F-61DAC8C81404}.Debug|x86.ActiveCfg = Debug|MixedCo
		{737BF24A-5745-472D-9D5F-61DAC8C81404}.Release|Any CPU.ActiveCfg = Release|MixedWix
		{737BF24A-5745-472D-9D5F-61DAC8C81404}.Release|Mixed Platforms.ActiveCfg = Release|MixedWix
		{737BF24A-5745-472D-9D5F-61DAC8C81404}.Release|Mixed Platforms.Build.0 = Release|MixedWix
		{737BF24A-5745-472D-9D5F-61DAC8C81404}.Release|x64.ActiveCfg = Release|MixedCo
		{737BF24A-5745-472D-9D5F-61DAC8C81404}.Release|x86.ActiveCfg = Release|MixedCo
		{E1128AB4-90CF-403D-9CF2-3BC63FD6CCC3}.Debug|Any CPU.ActiveCfg = Debug|MixedWix
		{E1128AB4-90CF-403D-9CF2-3BC63FD6CCC3}.Debug|Mixed Platforms.ActiveCfg = Debug|MixedWix
		{E1128AB4-90CF-403D-9CF2-3BC63FD6CCC3}.Debug|Mixed Platforms.Build.0 = Debug|MixedWix
		{E1128AB4-90CF-403D-9CF2-3BC63FD6CCC3}.Debug|x64.ActiveCfg = Debug|MixedCo
		{E1128AB4-90CF-403D-9CF2-3BC63FD6CCC3}.Debug|x86.ActiveCfg = Debug|MixedCo
		{E1128AB4-90CF-403D-9CF2-3BC63FD6CCC3}.Release|Any CPU.ActiveCfg = Release|MixedWix
		{E1128AB4-90CF-403D-9CF2-3BC63FD6CCC3}.Release|Mixed Platforms.ActiveCfg = Release|MixedWix
		{E1128AB4-90CF-403D-9CF2-3BC63FD6CCC3}.Release|Mixed Platforms.Build.0 = Release|MixedWix
		{E1128AB4-90CF-403D-9CF2-3BC63FD6CCC3}.Release|x64.ActiveCfg = Release|MixedCo
		{E1128AB4-90CF-403D-9CF2-3BC63FD6CCC3}.Release|x86.ActiveCfg = Release|MixedCo
		{860ADFC9-4C61-4A21-BBB6-BFDB843A17ED}.Debug|Any CPU.ActiveCfg = Debug|MixedWix
		{860ADFC9-4C61-4A21-BBB6-BFDB843A17ED}.Debug|Mixed Platforms.ActiveCfg = Debug|MixedWix
		{860ADFC9-4C61-4A21-BBB6-BFDB843A17ED}.Debug|Mixed Platforms.Build.0 = Debug|MixedWix
		{860ADFC9-4C61-4A21-BBB6-BFDB843A17ED}.Debug|x64.ActiveCfg = Debug|MixedWix
		{860ADFC9-4C61-4A21-BBB6-BFDB843A17ED}.Debug|x86.ActiveCfg = Debug|MixedWix
		{860ADFC9-4C61-4A21-BBB6-BFDB843A17ED}.Release|Any CPU.ActiveCfg = Release|MixedWix
		{860ADFC9-4C61-4A21-BBB6-BFDB843A17ED}.Release|Mixed Platforms.ActiveCfg = Release|MixedWix
		{860ADFC9-4C61-4A21-BBB6-BFDB843A17ED}.Release|Mixed Platforms.Build.0 = Release|MixedWix
		{860ADFC9-4C61-4A21-BBB6-BFDB843A17ED}.Release|x64.ActiveCfg = Release|MixedWix
		{860ADFC9-4C61-4A21-BBB6-BFDB843A17ED}.Release|x86.ActiveCfg = Release|MixedWix
		{5308DD77-3C75-4D0B-B1F5-B725DC1BC273}.Debug|Any CPU.ActiveCfg = Debug|MixedWix
		{5308DD77-3C75-4D0B-B1F5-B725DC1BC273}.Debug|Mixed Platforms.ActiveCfg = Debug|MixedWix
		{5308DD77-3C75-4D0B-B1F5-B725DC1BC273}.Debug|Mixed Platforms.Build.0 = Debug|MixedWix
		{5308DD77-3C75-4D0B-B1F5-B725DC1BC273}.Debug|x64.ActiveCfg = Debug|MixedCo
		{5308DD77-3C75-4D0B-B1F5-B725DC1BC273}.Debug|x86.ActiveCfg = Debug|MixedCo
		{5308DD77-3C75-4D0B-B1F5-B725DC1BC273}.Release|Any CPU.ActiveCfg = Release|MixedWix
		{5308DD77-3C75-4D0B-B1F5-B725DC1BC273}.Release|Mixed Platforms.ActiveCfg = Release|MixedWix
		{5308DD77-3C75-4D0B-B1F5-B725DC1BC273}.Release|Mixed Platforms.Build.0 = Release|MixedWix
		{5308DD77-3C75-4D0B-B1F5-B725DC1BC273}.Release|x64.ActiveCfg = Release|MixedCo
		{5308DD77-3C75-4D0B-B1F5-B725DC1BC273}.Release|x86.ActiveCfg = Release|MixedCo
		{FFD01671-8818-431B-805C-581B0281C694}.Debug|Any CPU.ActiveCfg = Debug|MixedWix
		{FFD01671-8818-431B-805C-581B0281C694}.Debug|Mixed Platforms.ActiveCfg = Debug|MixedWix
		{FFD01671-8818-431B-805C-581B0281C694}.Debug|Mixed Platforms.Build.0 = Debug|MixedWix
		{FFD01671-8818-431B-805C-581B0281C694}.Debug|x64.ActiveCfg = Debug|MixedCo
		{FFD01671-8818-431B-805C-581B0281C694}.Debug|x86.ActiveCfg = Debug|MixedCo
		{FFD01671-8818-431B-805C-581B0281C694}.Release|Any CPU.ActiveCfg = Release|MixedWix
		{FFD01671-8818-431B-805C-581B0281C694}.Release|Mixed Platforms.ActiveCfg = Release|MixedWix
		{FFD01671-8818-431B-805C-581B0281C694}.Release|Mixed Platforms.Build.0 = Release|MixedWix
		{FFD01671-8818-431B-805C-581B0281C694}.Release|x64.ActiveCfg = Release|MixedCo
		{FFD01671-8818-431B-805C-581B0281C694}.Release|x86.ActiveCfg = Release|MixedCo
		{B70E1C31-896C-44A9-9689-0F90E3B64D2A}.Debug|Any CPU.ActiveCfg = Debug|x86
		{B70E1C31-896C-44A9-9689-0F90E3B64D2A}.Debug|Mixed Platforms.ActiveCfg = Debug|x86
		{B70E1C31-896C-44A9-9689-0F90E3B64D2A}.Debug|Mixed Platforms.Build.0 = Debug|x86
		{B70E1C31-896C-44A9-9689-0F90E3B64D2A}.Debug|x64.ActiveCfg = Debug|Any CPU
		{B70E1C31-896C-44A9-9689-0F90E3B64D2A}.Debug|x64.Build.0 = Debug|Any CPU
		{B70E1C31-896C-44A9-9689-0F90E3B64D2A}.Debug|x86.ActiveCfg = Debug|x86
		{B70E1C31-896C-44A9-9689-0F90E3B64D2A}.Release|Any CPU.ActiveCfg = Release|x86
		{B70E1C31-896C-44A9-9689-0F90E3B64D2A}.Release|Mixed Platforms.ActiveCfg = Release|x86
		{B70E1C31-896C-44A9-9689-0F90E3B64D2A}.Release|Mixed Platforms.Build.0 = Release|x86
		{B70E1C31-896C-44A9-9689-0F90E3B64D2A}.Release|x64.ActiveCfg = Release|Any CPU
		{B70E1C31-896C-44A9-9689-0F90E3B64D2A}.Release|x64.Build.0 = Release|Any CPU
		{B70E1C31-896C-44A9-9689-0F90E3B64D2A}.Release|x86.ActiveCfg = Release|x86
		{B70E1C31-896C-44A9-9689-0F90E3B64D2A}.Release|x86.Build.0 = Release|x86
		{5D2697F5-5AD9-4B89-8AF4-8836D1224AD2}.Debug|Any CPU.ActiveCfg = Debug|Any CPU
		{5D2697F5-5AD9-4B89-8AF4-8836D1224AD2}.Debug|Mixed Platforms.ActiveCfg = Debug|Any CPU
		{5D2697F5-5AD9-4B89-8AF4-8836D1224AD2}.Debug|Mixed Platforms.Build.0 = Debug|Any CPU
		{5D2697F5-5AD9-4B89-8AF4-8836D1224AD2}.Debug|x64.ActiveCfg = Debug|Any CPU
		{5D2697F5-5AD9-4B89-8AF4-8836D1224AD2}.Debug|x64.Build.0 = Debug|Any CPU
		{5D2697F5-5AD9-4B89-8AF4-8836D1224AD2}.Debug|x86.ActiveCfg = Debug|Any CPU
		{5D2697F5-5AD9-4B89-8AF4-8836D1224AD2}.Release|Any CPU.ActiveCfg = Release|Any CPU
		{5D2697F5-5AD9-4B89-8AF4-8836D1224AD2}.Release|Mixed Platforms.ActiveCfg = Release|Any CPU
		{5D2697F5-5AD9-4B89-8AF4-8836D1224AD2}.Release|Mixed Platforms.Build.0 = Release|Any CPU
		{5D2697F5-5AD9-4B89-8AF4-8836D1224AD2}.Release|x64.ActiveCfg = Release|Any CPU
		{5D2697F5-5AD9-4B89-8AF4-8836D1224AD2}.Release|x64.Build.0 = Release|Any CPU
		{5D2697F5-5AD9-4B89-8AF4-8836D1224AD2}.Release|x86.ActiveCfg = Release|Any CPU
		{2233E490-458C-449D-AA51-A5EB1FF3C80B}.Debug|Any CPU.ActiveCfg = Debug|Any CPU
		{2233E490-458C-449D-AA51-A5EB1FF3C80B}.Debug|Mixed Platforms.ActiveCfg = Debug|Any CPU
		{2233E490-458C-449D-AA51-A5EB1FF3C80B}.Debug|Mixed Platforms.Build.0 = Debug|Any CPU
		{2233E490-458C-449D-AA51-A5EB1FF3C80B}.Debug|x64.ActiveCfg = Debug|Any CPU
		{2233E490-458C-449D-AA51-A5EB1FF3C80B}.Debug|x64.Build.0 = Debug|Any CPU
		{2233E490-458C-449D-AA51-A5EB1FF3C80B}.Debug|x86.ActiveCfg = Debug|Any CPU
		{2233E490-458C-449D-AA51-A5EB1FF3C80B}.Release|Any CPU.ActiveCfg = Release|Any CPU
		{2233E490-458C-449D-AA51-A5EB1FF3C80B}.Release|Mixed Platforms.ActiveCfg = Release|Any CPU
		{2233E490-458C-449D-AA51-A5EB1FF3C80B}.Release|Mixed Platforms.Build.0 = Release|Any CPU
		{2233E490-458C-449D-AA51-A5EB1FF3C80B}.Release|x64.ActiveCfg = Release|Any CPU
		{2233E490-458C-449D-AA51-A5EB1FF3C80B}.Release|x64.Build.0 = Release|Any CPU
		{2233E490-458C-449D-AA51-A5EB1FF3C80B}.Release|x86.ActiveCfg = Release|Any CPU
		{888CB9FF-5627-4389-AAE3-62E1AE0D4BFB}.Debug|Any CPU.ActiveCfg = Debug|MixedWix
		{888CB9FF-5627-4389-AAE3-62E1AE0D4BFB}.Debug|Mixed Platforms.ActiveCfg = Debug|MixedWix
		{888CB9FF-5627-4389-AAE3-62E1AE0D4BFB}.Debug|Mixed Platforms.Build.0 = Debug|MixedWix
		{888CB9FF-5627-4389-AAE3-62E1AE0D4BFB}.Debug|x64.ActiveCfg = Debug|MixedWix
		{888CB9FF-5627-4389-AAE3-62E1AE0D4BFB}.Debug|x86.ActiveCfg = Debug|MixedWix
		{888CB9FF-5627-4389-AAE3-62E1AE0D4BFB}.Release|Any CPU.ActiveCfg = Release|MixedWix
		{888CB9FF-5627-4389-AAE3-62E1AE0D4BFB}.Release|Mixed Platforms.ActiveCfg = Release|MixedWix
		{888CB9FF-5627-4389-AAE3-62E1AE0D4BFB}.Release|Mixed Platforms.Build.0 = Release|MixedWix
		{888CB9FF-5627-4389-AAE3-62E1AE0D4BFB}.Release|x64.ActiveCfg = Release|MixedWix
		{888CB9FF-5627-4389-AAE3-62E1AE0D4BFB}.Release|x86.ActiveCfg = Release|MixedWix
		{B63D07C8-3544-4CC7-A90A-3595D2B64519}.Debug|Any CPU.ActiveCfg = Debug|MixedWix
		{B63D07C8-3544-4CC7-A90A-3595D2B64519}.Debug|Mixed Platforms.ActiveCfg = Debug|MixedWix
		{B63D07C8-3544-4CC7-A90A-3595D2B64519}.Debug|Mixed Platforms.Build.0 = Debug|MixedWix
		{B63D07C8-3544-4CC7-A90A-3595D2B64519}.Debug|x64.ActiveCfg = Debug|MixedCo
		{B63D07C8-3544-4CC7-A90A-3595D2B64519}.Debug|x86.ActiveCfg = Debug|MixedCo
		{B63D07C8-3544-4CC7-A90A-3595D2B64519}.Release|Any CPU.ActiveCfg = Release|MixedWix
		{B63D07C8-3544-4CC7-A90A-3595D2B64519}.Release|Mixed Platforms.ActiveCfg = Release|MixedWix
		{B63D07C8-3544-4CC7-A90A-3595D2B64519}.Release|Mixed Platforms.Build.0 = Release|MixedWix
		{B63D07C8-3544-4CC7-A90A-3595D2B64519}.Release|x64.ActiveCfg = Release|MixedCo
		{B63D07C8-3544-4CC7-A90A-3595D2B64519}.Release|x86.ActiveCfg = Release|MixedCo
		{86E65C5A-8970-44EA-959F-B43A8CE0E435}.Debug|Any CPU.ActiveCfg = Debug|MixedWix
		{86E65C5A-8970-44EA-959F-B43A8CE0E435}.Debug|Mixed Platforms.ActiveCfg = Debug|MixedWix
		{86E65C5A-8970-44EA-959F-B43A8CE0E435}.Debug|Mixed Platforms.Build.0 = Debug|MixedWix
		{86E65C5A-8970-44EA-959F-B43A8CE0E435}.Debug|x64.ActiveCfg = Debug|MixedCo
		{86E65C5A-8970-44EA-959F-B43A8CE0E435}.Debug|x86.ActiveCfg = Debug|MixedCo
		{86E65C5A-8970-44EA-959F-B43A8CE0E435}.Release|Any CPU.ActiveCfg = Release|MixedWix
		{86E65C5A-8970-44EA-959F-B43A8CE0E435}.Release|Mixed Platforms.ActiveCfg = Release|MixedWix
		{86E65C5A-8970-44EA-959F-B43A8CE0E435}.Release|Mixed Platforms.Build.0 = Release|MixedWix
		{86E65C5A-8970-44EA-959F-B43A8CE0E435}.Release|x64.ActiveCfg = Release|MixedCo
		{86E65C5A-8970-44EA-959F-B43A8CE0E435}.Release|x86.ActiveCfg = Release|MixedCo
		{B652E483-62D8-4A7D-9A49-9BC1AFBFA3A4}.Debug|Any CPU.ActiveCfg = Debug|MixedWix
		{B652E483-62D8-4A7D-9A49-9BC1AFBFA3A4}.Debug|Mixed Platforms.ActiveCfg = Debug|MixedWix
		{B652E483-62D8-4A7D-9A49-9BC1AFBFA3A4}.Debug|Mixed Platforms.Build.0 = Debug|MixedWix
		{B652E483-62D8-4A7D-9A49-9BC1AFBFA3A4}.Debug|x64.ActiveCfg = Debug|MixedCo
		{B652E483-62D8-4A7D-9A49-9BC1AFBFA3A4}.Debug|x86.ActiveCfg = Debug|MixedCo
		{B652E483-62D8-4A7D-9A49-9BC1AFBFA3A4}.Release|Any CPU.ActiveCfg = Release|MixedWix
		{B652E483-62D8-4A7D-9A49-9BC1AFBFA3A4}.Release|Mixed Platforms.ActiveCfg = Release|MixedWix
		{B652E483-62D8-4A7D-9A49-9BC1AFBFA3A4}.Release|Mixed Platforms.Build.0 = Release|MixedWix
		{B652E483-62D8-4A7D-9A49-9BC1AFBFA3A4}.Release|x64.ActiveCfg = Release|MixedCo
		{B652E483-62D8-4A7D-9A49-9BC1AFBFA3A4}.Release|x86.ActiveCfg = Release|MixedCo
		{6BC16C0A-CBB3-4BA6-A215-65C5426A0B80}.Debug|Any CPU.ActiveCfg = Debug|MixedWix
		{6BC16C0A-CBB3-4BA6-A215-65C5426A0B80}.Debug|Mixed Platforms.ActiveCfg = Debug|MixedWix
		{6BC16C0A-CBB3-4BA6-A215-65C5426A0B80}.Debug|Mixed Platforms.Build.0 = Debug|MixedWix
		{6BC16C0A-CBB3-4BA6-A215-65C5426A0B80}.Debug|x64.ActiveCfg = Debug|MixedCo
		{6BC16C0A-CBB3-4BA6-A215-65C5426A0B80}.Debug|x86.ActiveCfg = Debug|MixedCo
		{6BC16C0A-CBB3-4BA6-A215-65C5426A0B80}.Release|Any CPU.ActiveCfg = Release|MixedWix
		{6BC16C0A-CBB3-4BA6-A215-65C5426A0B80}.Release|Mixed Platforms.ActiveCfg = Release|MixedWix
		{6BC16C0A-CBB3-4BA6-A215-65C5426A0B80}.Release|Mixed Platforms.Build.0 = Release|MixedWix
		{6BC16C0A-CBB3-4BA6-A215-65C5426A0B80}.Release|x64.ActiveCfg = Release|MixedCo
		{6BC16C0A-CBB3-4BA6-A215-65C5426A0B80}.Release|x86.ActiveCfg = Release|MixedCo
		{BB41AC8B-CBED-4387-A7E0-4567EDB3F57F}.Debug|Any CPU.ActiveCfg = Debug|MixedWix
		{BB41AC8B-CBED-4387-A7E0-4567EDB3F57F}.Debug|Mixed Platforms.ActiveCfg = Debug|MixedWix
		{BB41AC8B-CBED-4387-A7E0-4567EDB3F57F}.Debug|Mixed Platforms.Build.0 = Debug|MixedWix
		{BB41AC8B-CBED-4387-A7E0-4567EDB3F57F}.Debug|x64.ActiveCfg = Debug|MixedCo
		{BB41AC8B-CBED-4387-A7E0-4567EDB3F57F}.Debug|x86.ActiveCfg = Debug|MixedCo
		{BB41AC8B-CBED-4387-A7E0-4567EDB3F57F}.Release|Any CPU.ActiveCfg = Release|MixedWix
		{BB41AC8B-CBED-4387-A7E0-4567EDB3F57F}.Release|Mixed Platforms.ActiveCfg = Release|MixedWix
		{BB41AC8B-CBED-4387-A7E0-4567EDB3F57F}.Release|Mixed Platforms.Build.0 = Release|MixedWix
		{BB41AC8B-CBED-4387-A7E0-4567EDB3F57F}.Release|x64.ActiveCfg = Release|MixedCo
		{BB41AC8B-CBED-4387-A7E0-4567EDB3F57F}.Release|x86.ActiveCfg = Release|MixedCo
		{7316584D-9A16-4280-A8AB-6D45198C6E4D}.Debug|Any CPU.ActiveCfg = Debug|MixedWix
		{7316584D-9A16-4280-A8AB-6D45198C6E4D}.Debug|Mixed Platforms.ActiveCfg = Debug|MixedWix
		{7316584D-9A16-4280-A8AB-6D45198C6E4D}.Debug|Mixed Platforms.Build.0 = Debug|MixedWix
		{7316584D-9A16-4280-A8AB-6D45198C6E4D}.Debug|x64.ActiveCfg = Debug|MixedCo
		{7316584D-9A16-4280-A8AB-6D45198C6E4D}.Debug|x86.ActiveCfg = Debug|MixedCo
		{7316584D-9A16-4280-A8AB-6D45198C6E4D}.Release|Any CPU.ActiveCfg = Release|MixedWix
		{7316584D-9A16-4280-A8AB-6D45198C6E4D}.Release|Mixed Platforms.ActiveCfg = Release|MixedWix
		{7316584D-9A16-4280-A8AB-6D45198C6E4D}.Release|Mixed Platforms.Build.0 = Release|MixedWix
		{7316584D-9A16-4280-A8AB-6D45198C6E4D}.Release|x64.ActiveCfg = Release|MixedCo
		{7316584D-9A16-4280-A8AB-6D45198C6E4D}.Release|x86.ActiveCfg = Release|MixedCo
		{12B4F3C8-6720-418A-A86A-E71DAB509C6C}.Debug|Any CPU.ActiveCfg = Debug|Any CPU
		{12B4F3C8-6720-418A-A86A-E71DAB509C6C}.Debug|Any CPU.Build.0 = Debug|Any CPU
		{12B4F3C8-6720-418A-A86A-E71DAB509C6C}.Debug|Any CPU.Deploy.0 = Debug|Any CPU
		{12B4F3C8-6720-418A-A86A-E71DAB509C6C}.Debug|Mixed Platforms.ActiveCfg = Debug|Any CPU
		{12B4F3C8-6720-418A-A86A-E71DAB509C6C}.Debug|Mixed Platforms.Build.0 = Debug|Any CPU
		{12B4F3C8-6720-418A-A86A-E71DAB509C6C}.Debug|Mixed Platforms.Deploy.0 = Debug|Any CPU
		{12B4F3C8-6720-418A-A86A-E71DAB509C6C}.Debug|x64.ActiveCfg = Debug|Any CPU
		{12B4F3C8-6720-418A-A86A-E71DAB509C6C}.Debug|x64.Build.0 = Debug|Any CPU
		{12B4F3C8-6720-418A-A86A-E71DAB509C6C}.Debug|x64.Deploy.0 = Debug|Any CPU
		{12B4F3C8-6720-418A-A86A-E71DAB509C6C}.Debug|x86.ActiveCfg = Debug|Any CPU
		{12B4F3C8-6720-418A-A86A-E71DAB509C6C}.Release|Any CPU.ActiveCfg = Release|Any CPU
		{12B4F3C8-6720-418A-A86A-E71DAB509C6C}.Release|Any CPU.Build.0 = Release|Any CPU
		{12B4F3C8-6720-418A-A86A-E71DAB509C6C}.Release|Any CPU.Deploy.0 = Release|Any CPU
		{12B4F3C8-6720-418A-A86A-E71DAB509C6C}.Release|Mixed Platforms.ActiveCfg = Release|Any CPU
		{12B4F3C8-6720-418A-A86A-E71DAB509C6C}.Release|Mixed Platforms.Build.0 = Release|Any CPU
		{12B4F3C8-6720-418A-A86A-E71DAB509C6C}.Release|Mixed Platforms.Deploy.0 = Release|Any CPU
		{12B4F3C8-6720-418A-A86A-E71DAB509C6C}.Release|x64.ActiveCfg = Release|Any CPU
		{12B4F3C8-6720-418A-A86A-E71DAB509C6C}.Release|x64.Build.0 = Release|Any CPU
		{12B4F3C8-6720-418A-A86A-E71DAB509C6C}.Release|x64.Deploy.0 = Release|Any CPU
		{12B4F3C8-6720-418A-A86A-E71DAB509C6C}.Release|x86.ActiveCfg = Release|Any CPU
		{B0AE5A8F-8BC9-47A7-AD36-1660E4F42ADC}.Debug|Any CPU.ActiveCfg = Debug|Any CPU
		{B0AE5A8F-8BC9-47A7-AD36-1660E4F42ADC}.Debug|Mixed Platforms.ActiveCfg = Debug|Any CPU
		{B0AE5A8F-8BC9-47A7-AD36-1660E4F42ADC}.Debug|Mixed Platforms.Build.0 = Debug|Any CPU
		{B0AE5A8F-8BC9-47A7-AD36-1660E4F42ADC}.Debug|x64.ActiveCfg = Debug|Any CPU
		{B0AE5A8F-8BC9-47A7-AD36-1660E4F42ADC}.Debug|x64.Build.0 = Debug|Any CPU
		{B0AE5A8F-8BC9-47A7-AD36-1660E4F42ADC}.Debug|x86.ActiveCfg = Debug|Any CPU
		{B0AE5A8F-8BC9-47A7-AD36-1660E4F42ADC}.Release|Any CPU.ActiveCfg = Release|Any CPU
		{B0AE5A8F-8BC9-47A7-AD36-1660E4F42ADC}.Release|Mixed Platforms.ActiveCfg = Release|Any CPU
		{B0AE5A8F-8BC9-47A7-AD36-1660E4F42ADC}.Release|Mixed Platforms.Build.0 = Release|Any CPU
		{B0AE5A8F-8BC9-47A7-AD36-1660E4F42ADC}.Release|x64.ActiveCfg = Release|Any CPU
		{B0AE5A8F-8BC9-47A7-AD36-1660E4F42ADC}.Release|x64.Build.0 = Release|Any CPU
		{B0AE5A8F-8BC9-47A7-AD36-1660E4F42ADC}.Release|x86.ActiveCfg = Release|Any CPU
		{E35F07A4-88F2-451A-84A7-F486DE3A19C1}.Debug|Any CPU.ActiveCfg = Debug|MixedWix
		{E35F07A4-88F2-451A-84A7-F486DE3A19C1}.Debug|Any CPU.Build.0 = Debug|MixedWix
		{E35F07A4-88F2-451A-84A7-F486DE3A19C1}.Debug|Mixed Platforms.ActiveCfg = Debug|MixedWix
		{E35F07A4-88F2-451A-84A7-F486DE3A19C1}.Debug|Mixed Platforms.Build.0 = Debug|MixedWix
		{E35F07A4-88F2-451A-84A7-F486DE3A19C1}.Debug|x64.ActiveCfg = Debug|MixedCo
		{E35F07A4-88F2-451A-84A7-F486DE3A19C1}.Debug|x86.ActiveCfg = Debug|MixedCo
		{E35F07A4-88F2-451A-84A7-F486DE3A19C1}.Release|Any CPU.ActiveCfg = Release|MixedWix
		{E35F07A4-88F2-451A-84A7-F486DE3A19C1}.Release|Mixed Platforms.ActiveCfg = Release|MixedWix
		{E35F07A4-88F2-451A-84A7-F486DE3A19C1}.Release|Mixed Platforms.Build.0 = Release|MixedWix
		{E35F07A4-88F2-451A-84A7-F486DE3A19C1}.Release|x64.ActiveCfg = Release|MixedCo
		{E35F07A4-88F2-451A-84A7-F486DE3A19C1}.Release|x86.ActiveCfg = Release|MixedCo
		{AE73C941-3FFB-4E60-9A3E-0456ABA691BD}.Debug|Any CPU.ActiveCfg = Debug|Any CPU
		{AE73C941-3FFB-4E60-9A3E-0456ABA691BD}.Debug|Any CPU.Build.0 = Debug|Any CPU
		{AE73C941-3FFB-4E60-9A3E-0456ABA691BD}.Debug|Mixed Platforms.ActiveCfg = Debug|Any CPU
		{AE73C941-3FFB-4E60-9A3E-0456ABA691BD}.Debug|Mixed Platforms.Build.0 = Debug|Any CPU
		{AE73C941-3FFB-4E60-9A3E-0456ABA691BD}.Debug|x64.ActiveCfg = Debug|Any CPU
		{AE73C941-3FFB-4E60-9A3E-0456ABA691BD}.Debug|x64.Build.0 = Debug|Any CPU
		{AE73C941-3FFB-4E60-9A3E-0456ABA691BD}.Debug|x86.ActiveCfg = Debug|Any CPU
		{AE73C941-3FFB-4E60-9A3E-0456ABA691BD}.Release|Any CPU.ActiveCfg = Release|Any CPU
		{AE73C941-3FFB-4E60-9A3E-0456ABA691BD}.Release|Any CPU.Build.0 = Release|Any CPU
		{AE73C941-3FFB-4E60-9A3E-0456ABA691BD}.Release|Mixed Platforms.ActiveCfg = Release|Any CPU
		{AE73C941-3FFB-4E60-9A3E-0456ABA691BD}.Release|Mixed Platforms.Build.0 = Release|Any CPU
		{AE73C941-3FFB-4E60-9A3E-0456ABA691BD}.Release|x64.ActiveCfg = Release|Any CPU
		{AE73C941-3FFB-4E60-9A3E-0456ABA691BD}.Release|x64.Build.0 = Release|Any CPU
		{AE73C941-3FFB-4E60-9A3E-0456ABA691BD}.Release|x86.ActiveCfg = Release|Any CPU
		{44454BF5-7755-446E-8286-26B290B93443}.Debug|Any CPU.ActiveCfg = Debug|Any CPU
		{44454BF5-7755-446E-8286-26B290B93443}.Debug|Any CPU.Build.0 = Debug|Any CPU
		{44454BF5-7755-446E-8286-26B290B93443}.Debug|Mixed Platforms.ActiveCfg = Debug|Any CPU
		{44454BF5-7755-446E-8286-26B290B93443}.Debug|Mixed Platforms.Build.0 = Debug|Any CPU
		{44454BF5-7755-446E-8286-26B290B93443}.Debug|x64.ActiveCfg = Debug|Any CPU
		{44454BF5-7755-446E-8286-26B290B93443}.Debug|x64.Build.0 = Debug|Any CPU
		{44454BF5-7755-446E-8286-26B290B93443}.Debug|x86.ActiveCfg = Debug|Any CPU
		{44454BF5-7755-446E-8286-26B290B93443}.Release|Any CPU.ActiveCfg = Release|Any CPU
		{44454BF5-7755-446E-8286-26B290B93443}.Release|Any CPU.Build.0 = Release|Any CPU
		{44454BF5-7755-446E-8286-26B290B93443}.Release|Mixed Platforms.ActiveCfg = Release|Any CPU
		{44454BF5-7755-446E-8286-26B290B93443}.Release|Mixed Platforms.Build.0 = Release|Any CPU
		{44454BF5-7755-446E-8286-26B290B93443}.Release|x64.ActiveCfg = Release|Any CPU
		{44454BF5-7755-446E-8286-26B290B93443}.Release|x64.Build.0 = Release|Any CPU
		{44454BF5-7755-446E-8286-26B290B93443}.Release|x86.ActiveCfg = Release|Any CPU
		{744DF859-2F18-4900-9D2A-D482897D8F65}.Debug|Any CPU.ActiveCfg = Debug|Any CPU
		{744DF859-2F18-4900-9D2A-D482897D8F65}.Debug|Any CPU.Build.0 = Debug|Any CPU
		{744DF859-2F18-4900-9D2A-D482897D8F65}.Debug|Mixed Platforms.ActiveCfg = Debug|Any CPU
		{744DF859-2F18-4900-9D2A-D482897D8F65}.Debug|Mixed Platforms.Build.0 = Debug|Any CPU
		{744DF859-2F18-4900-9D2A-D482897D8F65}.Debug|x64.ActiveCfg = Debug|Any CPU
		{744DF859-2F18-4900-9D2A-D482897D8F65}.Debug|x64.Build.0 = Debug|Any CPU
		{744DF859-2F18-4900-9D2A-D482897D8F65}.Debug|x86.ActiveCfg = Debug|Any CPU
		{744DF859-2F18-4900-9D2A-D482897D8F65}.Release|Any CPU.ActiveCfg = Release|Any CPU
		{744DF859-2F18-4900-9D2A-D482897D8F65}.Release|Any CPU.Build.0 = Release|Any CPU
		{744DF859-2F18-4900-9D2A-D482897D8F65}.Release|Mixed Platforms.ActiveCfg = Release|Any CPU
		{744DF859-2F18-4900-9D2A-D482897D8F65}.Release|Mixed Platforms.Build.0 = Release|Any CPU
		{744DF859-2F18-4900-9D2A-D482897D8F65}.Release|x64.ActiveCfg = Release|Any CPU
		{744DF859-2F18-4900-9D2A-D482897D8F65}.Release|x64.Build.0 = Release|Any CPU
		{744DF859-2F18-4900-9D2A-D482897D8F65}.Release|x86.ActiveCfg = Release|Any CPU
		{B1550E09-6199-47A7-93D4-5A8AEEBDB936}.Debug|Any CPU.ActiveCfg = Debug|Any CPU
		{B1550E09-6199-47A7-93D4-5A8AEEBDB936}.Debug|Any CPU.Build.0 = Debug|Any CPU
		{B1550E09-6199-47A7-93D4-5A8AEEBDB936}.Debug|Mixed Platforms.ActiveCfg = Debug|Any CPU
		{B1550E09-6199-47A7-93D4-5A8AEEBDB936}.Debug|Mixed Platforms.Build.0 = Debug|Any CPU
		{B1550E09-6199-47A7-93D4-5A8AEEBDB936}.Debug|x64.ActiveCfg = Debug|Any CPU
		{B1550E09-6199-47A7-93D4-5A8AEEBDB936}.Debug|x64.Build.0 = Debug|Any CPU
		{B1550E09-6199-47A7-93D4-5A8AEEBDB936}.Debug|x86.ActiveCfg = Debug|Any CPU
		{B1550E09-6199-47A7-93D4-5A8AEEBDB936}.Release|Any CPU.ActiveCfg = Release|Any CPU
		{B1550E09-6199-47A7-93D4-5A8AEEBDB936}.Release|Any CPU.Build.0 = Release|Any CPU
		{B1550E09-6199-47A7-93D4-5A8AEEBDB936}.Release|Mixed Platforms.ActiveCfg = Release|Any CPU
		{B1550E09-6199-47A7-93D4-5A8AEEBDB936}.Release|Mixed Platforms.Build.0 = Release|Any CPU
		{B1550E09-6199-47A7-93D4-5A8AEEBDB936}.Release|x64.ActiveCfg = Release|Any CPU
		{B1550E09-6199-47A7-93D4-5A8AEEBDB936}.Release|x64.Build.0 = Release|Any CPU
		{B1550E09-6199-47A7-93D4-5A8AEEBDB936}.Release|x86.ActiveCfg = Release|Any CPU
		{4FBA4338-281A-4ECD-84E9-D9A5667DE97A}.Debug|Any CPU.ActiveCfg = Debug|Any CPU
		{4FBA4338-281A-4ECD-84E9-D9A5667DE97A}.Debug|Any CPU.Build.0 = Debug|Any CPU
		{4FBA4338-281A-4ECD-84E9-D9A5667DE97A}.Debug|Mixed Platforms.ActiveCfg = Debug|Any CPU
		{4FBA4338-281A-4ECD-84E9-D9A5667DE97A}.Debug|Mixed Platforms.Build.0 = Debug|Any CPU
		{4FBA4338-281A-4ECD-84E9-D9A5667DE97A}.Debug|x64.ActiveCfg = Debug|Any CPU
		{4FBA4338-281A-4ECD-84E9-D9A5667DE97A}.Debug|x64.Build.0 = Debug|Any CPU
		{4FBA4338-281A-4ECD-84E9-D9A5667DE97A}.Debug|x86.ActiveCfg = Debug|Any CPU
		{4FBA4338-281A-4ECD-84E9-D9A5667DE97A}.Release|Any CPU.ActiveCfg = Release|Any CPU
		{4FBA4338-281A-4ECD-84E9-D9A5667DE97A}.Release|Any CPU.Build.0 = Release|Any CPU
		{4FBA4338-281A-4ECD-84E9-D9A5667DE97A}.Release|Mixed Platforms.ActiveCfg = Release|Any CPU
		{4FBA4338-281A-4ECD-84E9-D9A5667DE97A}.Release|Mixed Platforms.Build.0 = Release|Any CPU
		{4FBA4338-281A-4ECD-84E9-D9A5667DE97A}.Release|x64.ActiveCfg = Release|Any CPU
		{4FBA4338-281A-4ECD-84E9-D9A5667DE97A}.Release|x64.Build.0 = Release|Any CPU
		{4FBA4338-281A-4ECD-84E9-D9A5667DE97A}.Release|x86.ActiveCfg = Release|Any CPU
		{A4902456-97CD-4D3E-ACD7-67A5239C2321}.Debug|Any CPU.ActiveCfg = Debug|Any CPU
		{A4902456-97CD-4D3E-ACD7-67A5239C2321}.Debug|Any CPU.Build.0 = Debug|Any CPU
		{A4902456-97CD-4D3E-ACD7-67A5239C2321}.Debug|Mixed Platforms.ActiveCfg = Debug|Any CPU
		{A4902456-97CD-4D3E-ACD7-67A5239C2321}.Debug|Mixed Platforms.Build.0 = Debug|Any CPU
		{A4902456-97CD-4D3E-ACD7-67A5239C2321}.Debug|x64.ActiveCfg = Debug|Any CPU
		{A4902456-97CD-4D3E-ACD7-67A5239C2321}.Debug|x64.Build.0 = Debug|Any CPU
		{A4902456-97CD-4D3E-ACD7-67A5239C2321}.Debug|x86.ActiveCfg = Debug|Any CPU
		{A4902456-97CD-4D3E-ACD7-67A5239C2321}.Release|Any CPU.ActiveCfg = Release|Any CPU
		{A4902456-97CD-4D3E-ACD7-67A5239C2321}.Release|Any CPU.Build.0 = Release|Any CPU
		{A4902456-97CD-4D3E-ACD7-67A5239C2321}.Release|Mixed Platforms.ActiveCfg = Release|Any CPU
		{A4902456-97CD-4D3E-ACD7-67A5239C2321}.Release|Mixed Platforms.Build.0 = Release|Any CPU
		{A4902456-97CD-4D3E-ACD7-67A5239C2321}.Release|x64.ActiveCfg = Release|Any CPU
		{A4902456-97CD-4D3E-ACD7-67A5239C2321}.Release|x64.Build.0 = Release|Any CPU
		{A4902456-97CD-4D3E-ACD7-67A5239C2321}.Release|x86.ActiveCfg = Release|Any CPU
		{DE7DB5E4-E46F-4F25-8191-D4CCCC4353AE}.Debug|Any CPU.ActiveCfg = Debug|Any CPU
		{DE7DB5E4-E46F-4F25-8191-D4CCCC4353AE}.Debug|Any CPU.Build.0 = Debug|Any CPU
		{DE7DB5E4-E46F-4F25-8191-D4CCCC4353AE}.Debug|Mixed Platforms.ActiveCfg = Debug|Any CPU
		{DE7DB5E4-E46F-4F25-8191-D4CCCC4353AE}.Debug|Mixed Platforms.Build.0 = Debug|Any CPU
		{DE7DB5E4-E46F-4F25-8191-D4CCCC4353AE}.Debug|x64.ActiveCfg = Debug|Any CPU
		{DE7DB5E4-E46F-4F25-8191-D4CCCC4353AE}.Debug|x64.Build.0 = Debug|Any CPU
		{DE7DB5E4-E46F-4F25-8191-D4CCCC4353AE}.Debug|x86.ActiveCfg = Debug|Any CPU
		{DE7DB5E4-E46F-4F25-8191-D4CCCC4353AE}.Release|Any CPU.ActiveCfg = Release|Any CPU
		{DE7DB5E4-E46F-4F25-8191-D4CCCC4353AE}.Release|Any CPU.Build.0 = Release|Any CPU
		{DE7DB5E4-E46F-4F25-8191-D4CCCC4353AE}.Release|Mixed Platforms.ActiveCfg = Release|Any CPU
		{DE7DB5E4-E46F-4F25-8191-D4CCCC4353AE}.Release|Mixed Platforms.Build.0 = Release|Any CPU
		{DE7DB5E4-E46F-4F25-8191-D4CCCC4353AE}.Release|x64.ActiveCfg = Release|Any CPU
		{DE7DB5E4-E46F-4F25-8191-D4CCCC4353AE}.Release|x64.Build.0 = Release|Any CPU
		{DE7DB5E4-E46F-4F25-8191-D4CCCC4353AE}.Release|x86.ActiveCfg = Release|Any CPU
		{2E3DF5C2-8A38-4A03-86D7-8D463C917E47}.Debug|Any CPU.ActiveCfg = Debug|Any CPU
		{2E3DF5C2-8A38-4A03-86D7-8D463C917E47}.Debug|Any CPU.Build.0 = Debug|Any CPU
		{2E3DF5C2-8A38-4A03-86D7-8D463C917E47}.Debug|Mixed Platforms.ActiveCfg = Debug|Any CPU
		{2E3DF5C2-8A38-4A03-86D7-8D463C917E47}.Debug|Mixed Platforms.Build.0 = Debug|Any CPU
		{2E3DF5C2-8A38-4A03-86D7-8D463C917E47}.Debug|x64.ActiveCfg = Debug|Any CPU
		{2E3DF5C2-8A38-4A03-86D7-8D463C917E47}.Debug|x64.Build.0 = Debug|Any CPU
		{2E3DF5C2-8A38-4A03-86D7-8D463C917E47}.Debug|x86.ActiveCfg = Debug|Any CPU
		{2E3DF5C2-8A38-4A03-86D7-8D463C917E47}.Release|Any CPU.ActiveCfg = Release|Any CPU
		{2E3DF5C2-8A38-4A03-86D7-8D463C917E47}.Release|Any CPU.Build.0 = Release|Any CPU
		{2E3DF5C2-8A38-4A03-86D7-8D463C917E47}.Release|Mixed Platforms.ActiveCfg = Release|Any CPU
		{2E3DF5C2-8A38-4A03-86D7-8D463C917E47}.Release|Mixed Platforms.Build.0 = Release|Any CPU
		{2E3DF5C2-8A38-4A03-86D7-8D463C917E47}.Release|x64.ActiveCfg = Release|Any CPU
		{2E3DF5C2-8A38-4A03-86D7-8D463C917E47}.Release|x64.Build.0 = Release|Any CPU
		{2E3DF5C2-8A38-4A03-86D7-8D463C917E47}.Release|x86.ActiveCfg = Release|Any CPU
		{6D1D5572-0953-444C-8C9C-6B5D6BC4230D}.Debug|Any CPU.ActiveCfg = Debug|x86
		{6D1D5572-0953-444C-8C9C-6B5D6BC4230D}.Debug|Mixed Platforms.ActiveCfg = Debug|x86
		{6D1D5572-0953-444C-8C9C-6B5D6BC4230D}.Debug|Mixed Platforms.Build.0 = Debug|x86
		{6D1D5572-0953-444C-8C9C-6B5D6BC4230D}.Debug|x64.ActiveCfg = Debug|x86
		{6D1D5572-0953-444C-8C9C-6B5D6BC4230D}.Debug|x86.ActiveCfg = Debug|x86
		{6D1D5572-0953-444C-8C9C-6B5D6BC4230D}.Release|Any CPU.ActiveCfg = Release|x86
		{6D1D5572-0953-444C-8C9C-6B5D6BC4230D}.Release|Mixed Platforms.ActiveCfg = Release|x86
		{6D1D5572-0953-444C-8C9C-6B5D6BC4230D}.Release|Mixed Platforms.Build.0 = Release|x86
		{6D1D5572-0953-444C-8C9C-6B5D6BC4230D}.Release|x64.ActiveCfg = Release|x86
		{6D1D5572-0953-444C-8C9C-6B5D6BC4230D}.Release|x86.ActiveCfg = Release|x86
		{6D1D5572-0953-444C-8C9C-6B5D6BC4230D}.Release|x86.Build.0 = Release|x86
		{1FB95233-BA3D-4C1A-9868-79980A8344D9}.Debug|Any CPU.ActiveCfg = Debug|MixedWix
		{1FB95233-BA3D-4C1A-9868-79980A8344D9}.Debug|Mixed Platforms.ActiveCfg = Debug|MixedWix
		{1FB95233-BA3D-4C1A-9868-79980A8344D9}.Debug|Mixed Platforms.Build.0 = Debug|MixedWix
		{1FB95233-BA3D-4C1A-9868-79980A8344D9}.Debug|x64.ActiveCfg = Debug|MixedCo
		{1FB95233-BA3D-4C1A-9868-79980A8344D9}.Debug|x86.ActiveCfg = Debug|MixedWix
		{1FB95233-BA3D-4C1A-9868-79980A8344D9}.Release|Any CPU.ActiveCfg = Release|MixedWix
		{1FB95233-BA3D-4C1A-9868-79980A8344D9}.Release|Mixed Platforms.ActiveCfg = Release|MixedWix
		{1FB95233-BA3D-4C1A-9868-79980A8344D9}.Release|Mixed Platforms.Build.0 = Release|MixedWix
		{1FB95233-BA3D-4C1A-9868-79980A8344D9}.Release|x64.ActiveCfg = Release|MixedCo
		{1FB95233-BA3D-4C1A-9868-79980A8344D9}.Release|x86.ActiveCfg = Release|MixedWix
		{2CE5D8CB-3C35-4D4C-A456-4852F967735C}.Debug|Any CPU.ActiveCfg = Debug|x86
		{2CE5D8CB-3C35-4D4C-A456-4852F967735C}.Debug|Mixed Platforms.ActiveCfg = Debug|x86
		{2CE5D8CB-3C35-4D4C-A456-4852F967735C}.Debug|Mixed Platforms.Build.0 = Debug|x86
		{2CE5D8CB-3C35-4D4C-A456-4852F967735C}.Debug|x64.ActiveCfg = Debug|x86
		{2CE5D8CB-3C35-4D4C-A456-4852F967735C}.Debug|x86.ActiveCfg = Debug|x86
		{2CE5D8CB-3C35-4D4C-A456-4852F967735C}.Debug|x86.Build.0 = Debug|x86
		{2CE5D8CB-3C35-4D4C-A456-4852F967735C}.Release|Any CPU.ActiveCfg = Release|x86
		{2CE5D8CB-3C35-4D4C-A456-4852F967735C}.Release|Mixed Platforms.ActiveCfg = Release|x86
		{2CE5D8CB-3C35-4D4C-A456-4852F967735C}.Release|Mixed Platforms.Build.0 = Release|x86
		{2CE5D8CB-3C35-4D4C-A456-4852F967735C}.Release|x64.ActiveCfg = Release|x86
		{2CE5D8CB-3C35-4D4C-A456-4852F967735C}.Release|x86.ActiveCfg = Release|x86
		{2CE5D8CB-3C35-4D4C-A456-4852F967735C}.Release|x86.Build.0 = Release|x86
		{BB9BEC81-6264-4DC0-A5E0-9FFA1838CE3F}.Debug|Any CPU.ActiveCfg = Debug|Any CPU
		{BB9BEC81-6264-4DC0-A5E0-9FFA1838CE3F}.Debug|Any CPU.Build.0 = Debug|Any CPU
		{BB9BEC81-6264-4DC0-A5E0-9FFA1838CE3F}.Debug|Mixed Platforms.ActiveCfg = Debug|Any CPU
		{BB9BEC81-6264-4DC0-A5E0-9FFA1838CE3F}.Debug|Mixed Platforms.Build.0 = Debug|Any CPU
		{BB9BEC81-6264-4DC0-A5E0-9FFA1838CE3F}.Debug|x64.ActiveCfg = Debug|Any CPU
		{BB9BEC81-6264-4DC0-A5E0-9FFA1838CE3F}.Debug|x64.Build.0 = Debug|Any CPU
		{BB9BEC81-6264-4DC0-A5E0-9FFA1838CE3F}.Debug|x86.ActiveCfg = Debug|Any CPU
		{BB9BEC81-6264-4DC0-A5E0-9FFA1838CE3F}.Release|Any CPU.ActiveCfg = Release|Any CPU
		{BB9BEC81-6264-4DC0-A5E0-9FFA1838CE3F}.Release|Any CPU.Build.0 = Release|Any CPU
		{BB9BEC81-6264-4DC0-A5E0-9FFA1838CE3F}.Release|Mixed Platforms.ActiveCfg = Release|Any CPU
		{BB9BEC81-6264-4DC0-A5E0-9FFA1838CE3F}.Release|Mixed Platforms.Build.0 = Release|Any CPU
		{BB9BEC81-6264-4DC0-A5E0-9FFA1838CE3F}.Release|x64.ActiveCfg = Release|Any CPU
		{BB9BEC81-6264-4DC0-A5E0-9FFA1838CE3F}.Release|x64.Build.0 = Release|Any CPU
		{BB9BEC81-6264-4DC0-A5E0-9FFA1838CE3F}.Release|x86.ActiveCfg = Release|Any CPU
		{F4317AE6-6C19-4AA7-A789-0F4BE69EE6E9}.Debug|Any CPU.ActiveCfg = Debug|Any CPU
		{F4317AE6-6C19-4AA7-A789-0F4BE69EE6E9}.Debug|Any CPU.Build.0 = Debug|Any CPU
		{F4317AE6-6C19-4AA7-A789-0F4BE69EE6E9}.Debug|Mixed Platforms.ActiveCfg = Debug|Any CPU
		{F4317AE6-6C19-4AA7-A789-0F4BE69EE6E9}.Debug|Mixed Platforms.Build.0 = Debug|Any CPU
		{F4317AE6-6C19-4AA7-A789-0F4BE69EE6E9}.Debug|x64.ActiveCfg = Debug|Any CPU
		{F4317AE6-6C19-4AA7-A789-0F4BE69EE6E9}.Debug|x64.Build.0 = Debug|Any CPU
		{F4317AE6-6C19-4AA7-A789-0F4BE69EE6E9}.Debug|x86.ActiveCfg = Debug|Any CPU
		{F4317AE6-6C19-4AA7-A789-0F4BE69EE6E9}.Release|Any CPU.ActiveCfg = Release|Any CPU
		{F4317AE6-6C19-4AA7-A789-0F4BE69EE6E9}.Release|Any CPU.Build.0 = Release|Any CPU
		{F4317AE6-6C19-4AA7-A789-0F4BE69EE6E9}.Release|Mixed Platforms.ActiveCfg = Release|Any CPU
		{F4317AE6-6C19-4AA7-A789-0F4BE69EE6E9}.Release|Mixed Platforms.Build.0 = Release|Any CPU
		{F4317AE6-6C19-4AA7-A789-0F4BE69EE6E9}.Release|x64.ActiveCfg = Release|Any CPU
		{F4317AE6-6C19-4AA7-A789-0F4BE69EE6E9}.Release|x64.Build.0 = Release|Any CPU
		{F4317AE6-6C19-4AA7-A789-0F4BE69EE6E9}.Release|x86.ActiveCfg = Release|Any CPU
		{F4317AE6-6C19-4AA7-A789-0F4BE69EE6E9}.Release|x86.Build.0 = Release|Any CPU
		{E1754B82-5794-479B-AA70-DAA2258B23E7}.Debug|Any CPU.ActiveCfg = Debug|Any CPU
		{E1754B82-5794-479B-AA70-DAA2258B23E7}.Debug|Any CPU.Build.0 = Debug|Any CPU
		{E1754B82-5794-479B-AA70-DAA2258B23E7}.Debug|Mixed Platforms.ActiveCfg = Debug|Any CPU
		{E1754B82-5794-479B-AA70-DAA2258B23E7}.Debug|Mixed Platforms.Build.0 = Debug|Any CPU
		{E1754B82-5794-479B-AA70-DAA2258B23E7}.Debug|x64.ActiveCfg = Debug|Any CPU
		{E1754B82-5794-479B-AA70-DAA2258B23E7}.Debug|x64.Build.0 = Debug|Any CPU
		{E1754B82-5794-479B-AA70-DAA2258B23E7}.Debug|x86.ActiveCfg = Debug|Any CPU
		{E1754B82-5794-479B-AA70-DAA2258B23E7}.Release|Any CPU.ActiveCfg = Release|Any CPU
		{E1754B82-5794-479B-AA70-DAA2258B23E7}.Release|Any CPU.Build.0 = Release|Any CPU
		{E1754B82-5794-479B-AA70-DAA2258B23E7}.Release|Mixed Platforms.ActiveCfg = Release|Any CPU
		{E1754B82-5794-479B-AA70-DAA2258B23E7}.Release|Mixed Platforms.Build.0 = Release|Any CPU
		{E1754B82-5794-479B-AA70-DAA2258B23E7}.Release|x64.ActiveCfg = Release|Any CPU
		{E1754B82-5794-479B-AA70-DAA2258B23E7}.Release|x64.Build.0 = Release|Any CPU
		{E1754B82-5794-479B-AA70-DAA2258B23E7}.Release|x86.ActiveCfg = Release|Any CPU
		{E1754B82-5794-479B-AA70-DAA2258B23E7}.Release|x86.Build.0 = Release|Any CPU
		{2AAA4F8A-58F7-4632-9A35-07F01AA6E171}.Debug|Any CPU.ActiveCfg = Debug|x86
		{2AAA4F8A-58F7-4632-9A35-07F01AA6E171}.Debug|Mixed Platforms.ActiveCfg = Debug|x86
		{2AAA4F8A-58F7-4632-9A35-07F01AA6E171}.Debug|Mixed Platforms.Build.0 = Debug|x86
		{2AAA4F8A-58F7-4632-9A35-07F01AA6E171}.Debug|x64.ActiveCfg = Debug|x64
		{2AAA4F8A-58F7-4632-9A35-07F01AA6E171}.Debug|x64.Build.0 = Debug|x64
		{2AAA4F8A-58F7-4632-9A35-07F01AA6E171}.Debug|x86.ActiveCfg = Debug|x86
		{2AAA4F8A-58F7-4632-9A35-07F01AA6E171}.Debug|x86.Build.0 = Debug|x86
		{2AAA4F8A-58F7-4632-9A35-07F01AA6E171}.Release|Any CPU.ActiveCfg = Release|x64
		{2AAA4F8A-58F7-4632-9A35-07F01AA6E171}.Release|Any CPU.Build.0 = Release|x64
		{2AAA4F8A-58F7-4632-9A35-07F01AA6E171}.Release|Mixed Platforms.ActiveCfg = Release|x86
		{2AAA4F8A-58F7-4632-9A35-07F01AA6E171}.Release|Mixed Platforms.Build.0 = Release|x86
		{2AAA4F8A-58F7-4632-9A35-07F01AA6E171}.Release|x64.ActiveCfg = Release|x64
		{2AAA4F8A-58F7-4632-9A35-07F01AA6E171}.Release|x64.Build.0 = Release|x64
		{2AAA4F8A-58F7-4632-9A35-07F01AA6E171}.Release|x86.ActiveCfg = Release|x86
		{2AAA4F8A-58F7-4632-9A35-07F01AA6E171}.Release|x86.Build.0 = Release|x86
		{6BE3117B-0B9E-4698-887E-2EC4ED16A619}.Debug|Any CPU.ActiveCfg = Debug|x86
		{6BE3117B-0B9E-4698-887E-2EC4ED16A619}.Debug|Mixed Platforms.ActiveCfg = Debug|x86
		{6BE3117B-0B9E-4698-887E-2EC4ED16A619}.Debug|Mixed Platforms.Build.0 = Debug|x86
		{6BE3117B-0B9E-4698-887E-2EC4ED16A619}.Debug|x64.ActiveCfg = Debug|x86
		{6BE3117B-0B9E-4698-887E-2EC4ED16A619}.Debug|x86.ActiveCfg = Debug|x86
		{6BE3117B-0B9E-4698-887E-2EC4ED16A619}.Release|Any CPU.ActiveCfg = Release|x86
		{6BE3117B-0B9E-4698-887E-2EC4ED16A619}.Release|Mixed Platforms.ActiveCfg = Release|x86
		{6BE3117B-0B9E-4698-887E-2EC4ED16A619}.Release|Mixed Platforms.Build.0 = Release|x86
		{6BE3117B-0B9E-4698-887E-2EC4ED16A619}.Release|x64.ActiveCfg = Release|x86
		{6BE3117B-0B9E-4698-887E-2EC4ED16A619}.Release|x86.ActiveCfg = Release|x86
		{6BE3117B-0B9E-4698-887E-2EC4ED16A619}.Release|x86.Build.0 = Release|x86
		{EBB08E4E-1E01-4945-B417-0D516056C167}.Debug|Any CPU.ActiveCfg = Debug|Any CPU
		{EBB08E4E-1E01-4945-B417-0D516056C167}.Debug|Any CPU.Build.0 = Debug|Any CPU
		{EBB08E4E-1E01-4945-B417-0D516056C167}.Debug|Mixed Platforms.ActiveCfg = Debug|Any CPU
		{EBB08E4E-1E01-4945-B417-0D516056C167}.Debug|Mixed Platforms.Build.0 = Debug|Any CPU
		{EBB08E4E-1E01-4945-B417-0D516056C167}.Debug|x64.ActiveCfg = Debug|x64
		{EBB08E4E-1E01-4945-B417-0D516056C167}.Debug|x64.Build.0 = Debug|x64
		{EBB08E4E-1E01-4945-B417-0D516056C167}.Debug|x86.ActiveCfg = Debug|Any CPU
		{EBB08E4E-1E01-4945-B417-0D516056C167}.Debug|x86.Build.0 = Debug|Any CPU
		{EBB08E4E-1E01-4945-B417-0D516056C167}.Release|Any CPU.ActiveCfg = Release|x64
		{EBB08E4E-1E01-4945-B417-0D516056C167}.Release|Any CPU.Build.0 = Release|x64
		{EBB08E4E-1E01-4945-B417-0D516056C167}.Release|Mixed Platforms.ActiveCfg = Release|x64
		{EBB08E4E-1E01-4945-B417-0D516056C167}.Release|Mixed Platforms.Build.0 = Release|x64
		{EBB08E4E-1E01-4945-B417-0D516056C167}.Release|x64.ActiveCfg = Release|x64
		{EBB08E4E-1E01-4945-B417-0D516056C167}.Release|x64.Build.0 = Release|x64
		{EBB08E4E-1E01-4945-B417-0D516056C167}.Release|x86.ActiveCfg = Release|x86
		{EBB08E4E-1E01-4945-B417-0D516056C167}.Release|x86.Build.0 = Release|x86
		{5D79E9A5-A6C4-47A8-A4B5-67E412687A14}.Debug|Any CPU.ActiveCfg = Debug|Any CPU
		{5D79E9A5-A6C4-47A8-A4B5-67E412687A14}.Debug|Any CPU.Build.0 = Debug|Any CPU
		{5D79E9A5-A6C4-47A8-A4B5-67E412687A14}.Debug|Mixed Platforms.ActiveCfg = Debug|Any CPU
		{5D79E9A5-A6C4-47A8-A4B5-67E412687A14}.Debug|Mixed Platforms.Build.0 = Debug|Any CPU
		{5D79E9A5-A6C4-47A8-A4B5-67E412687A14}.Debug|x64.ActiveCfg = Debug|Any CPU
		{5D79E9A5-A6C4-47A8-A4B5-67E412687A14}.Debug|x64.Build.0 = Debug|Any CPU
		{5D79E9A5-A6C4-47A8-A4B5-67E412687A14}.Debug|x86.ActiveCfg = Debug|Any CPU
		{5D79E9A5-A6C4-47A8-A4B5-67E412687A14}.Debug|x86.Build.0 = Debug|Any CPU
		{5D79E9A5-A6C4-47A8-A4B5-67E412687A14}.Release|Any CPU.ActiveCfg = Release|Any CPU
		{5D79E9A5-A6C4-47A8-A4B5-67E412687A14}.Release|Any CPU.Build.0 = Release|Any CPU
		{5D79E9A5-A6C4-47A8-A4B5-67E412687A14}.Release|Mixed Platforms.ActiveCfg = Release|Any CPU
		{5D79E9A5-A6C4-47A8-A4B5-67E412687A14}.Release|Mixed Platforms.Build.0 = Release|Any CPU
		{5D79E9A5-A6C4-47A8-A4B5-67E412687A14}.Release|x64.ActiveCfg = Release|Any CPU
		{5D79E9A5-A6C4-47A8-A4B5-67E412687A14}.Release|x64.Build.0 = Release|Any CPU
		{5D79E9A5-A6C4-47A8-A4B5-67E412687A14}.Release|x86.ActiveCfg = Release|Any CPU
		{5D79E9A5-A6C4-47A8-A4B5-67E412687A14}.Release|x86.Build.0 = Release|Any CPU
		{E583A79D-2AE5-4308-9539-0D8A906527B3}.Debug|Any CPU.ActiveCfg = Debug|Any CPU
		{E583A79D-2AE5-4308-9539-0D8A906527B3}.Debug|Any CPU.Build.0 = Debug|Any CPU
		{E583A79D-2AE5-4308-9539-0D8A906527B3}.Debug|Mixed Platforms.ActiveCfg = Debug|Any CPU
		{E583A79D-2AE5-4308-9539-0D8A906527B3}.Debug|Mixed Platforms.Build.0 = Debug|Any CPU
		{E583A79D-2AE5-4308-9539-0D8A906527B3}.Debug|x64.ActiveCfg = Debug|Any CPU
		{E583A79D-2AE5-4308-9539-0D8A906527B3}.Debug|x64.Build.0 = Debug|Any CPU
		{E583A79D-2AE5-4308-9539-0D8A906527B3}.Debug|x86.ActiveCfg = Debug|Any CPU
		{E583A79D-2AE5-4308-9539-0D8A906527B3}.Debug|x86.Build.0 = Debug|Any CPU
		{E583A79D-2AE5-4308-9539-0D8A906527B3}.Release|Any CPU.ActiveCfg = Release|Any CPU
		{E583A79D-2AE5-4308-9539-0D8A906527B3}.Release|Any CPU.Build.0 = Release|Any CPU
		{E583A79D-2AE5-4308-9539-0D8A906527B3}.Release|Mixed Platforms.ActiveCfg = Release|Any CPU
		{E583A79D-2AE5-4308-9539-0D8A906527B3}.Release|Mixed Platforms.Build.0 = Release|Any CPU
		{E583A79D-2AE5-4308-9539-0D8A906527B3}.Release|x64.ActiveCfg = Release|Any CPU
		{E583A79D-2AE5-4308-9539-0D8A906527B3}.Release|x64.Build.0 = Release|Any CPU
		{E583A79D-2AE5-4308-9539-0D8A906527B3}.Release|x86.ActiveCfg = Release|Any CPU
		{E583A79D-2AE5-4308-9539-0D8A906527B3}.Release|x86.Build.0 = Release|Any CPU
		{2F779FA3-627A-4EB6-AA9D-D028DCD01463}.Debug|Any CPU.ActiveCfg = Debug|Any CPU
		{2F779FA3-627A-4EB6-AA9D-D028DCD01463}.Debug|Any CPU.Build.0 = Debug|Any CPU
		{2F779FA3-627A-4EB6-AA9D-D028DCD01463}.Debug|Mixed Platforms.ActiveCfg = Debug|Any CPU
		{2F779FA3-627A-4EB6-AA9D-D028DCD01463}.Debug|Mixed Platforms.Build.0 = Debug|Any CPU
		{2F779FA3-627A-4EB6-AA9D-D028DCD01463}.Debug|x64.ActiveCfg = Debug|Any CPU
		{2F779FA3-627A-4EB6-AA9D-D028DCD01463}.Debug|x64.Build.0 = Debug|Any CPU
		{2F779FA3-627A-4EB6-AA9D-D028DCD01463}.Debug|x86.ActiveCfg = Debug|Any CPU
		{2F779FA3-627A-4EB6-AA9D-D028DCD01463}.Debug|x86.Build.0 = Debug|Any CPU
		{2F779FA3-627A-4EB6-AA9D-D028DCD01463}.Release|Any CPU.ActiveCfg = Release|Any CPU
		{2F779FA3-627A-4EB6-AA9D-D028DCD01463}.Release|Any CPU.Build.0 = Release|Any CPU
		{2F779FA3-627A-4EB6-AA9D-D028DCD01463}.Release|Mixed Platforms.ActiveCfg = Release|Any CPU
		{2F779FA3-627A-4EB6-AA9D-D028DCD01463}.Release|Mixed Platforms.Build.0 = Release|Any CPU
		{2F779FA3-627A-4EB6-AA9D-D028DCD01463}.Release|x64.ActiveCfg = Release|Any CPU
		{2F779FA3-627A-4EB6-AA9D-D028DCD01463}.Release|x64.Build.0 = Release|Any CPU
		{2F779FA3-627A-4EB6-AA9D-D028DCD01463}.Release|x86.ActiveCfg = Release|Any CPU
		{2F779FA3-627A-4EB6-AA9D-D028DCD01463}.Release|x86.Build.0 = Release|Any CPU
		{4761CE46-2DFD-4640-BD52-6B5BAF6475CD}.Debug|Any CPU.ActiveCfg = Debug|Any CPU
		{4761CE46-2DFD-4640-BD52-6B5BAF6475CD}.Debug|Any CPU.Build.0 = Debug|Any CPU
		{4761CE46-2DFD-4640-BD52-6B5BAF6475CD}.Debug|Mixed Platforms.ActiveCfg = Debug|Any CPU
		{4761CE46-2DFD-4640-BD52-6B5BAF6475CD}.Debug|Mixed Platforms.Build.0 = Debug|Any CPU
		{4761CE46-2DFD-4640-BD52-6B5BAF6475CD}.Debug|x64.ActiveCfg = Debug|Any CPU
		{4761CE46-2DFD-4640-BD52-6B5BAF6475CD}.Debug|x64.Build.0 = Debug|Any CPU
		{4761CE46-2DFD-4640-BD52-6B5BAF6475CD}.Debug|x86.ActiveCfg = Debug|Any CPU
		{4761CE46-2DFD-4640-BD52-6B5BAF6475CD}.Debug|x86.Build.0 = Debug|Any CPU
		{4761CE46-2DFD-4640-BD52-6B5BAF6475CD}.Release|Any CPU.ActiveCfg = Release|Any CPU
		{4761CE46-2DFD-4640-BD52-6B5BAF6475CD}.Release|Any CPU.Build.0 = Release|Any CPU
		{4761CE46-2DFD-4640-BD52-6B5BAF6475CD}.Release|Mixed Platforms.ActiveCfg = Release|Any CPU
		{4761CE46-2DFD-4640-BD52-6B5BAF6475CD}.Release|Mixed Platforms.Build.0 = Release|Any CPU
		{4761CE46-2DFD-4640-BD52-6B5BAF6475CD}.Release|x64.ActiveCfg = Release|Any CPU
		{4761CE46-2DFD-4640-BD52-6B5BAF6475CD}.Release|x64.Build.0 = Release|Any CPU
		{4761CE46-2DFD-4640-BD52-6B5BAF6475CD}.Release|x86.ActiveCfg = Release|Any CPU
		{4761CE46-2DFD-4640-BD52-6B5BAF6475CD}.Release|x86.Build.0 = Release|Any CPU
		{C277AE32-F366-47EF-A3BA-D3BAF7BDAB21}.Debug|Any CPU.ActiveCfg = Debug|Any CPU
		{C277AE32-F366-47EF-A3BA-D3BAF7BDAB21}.Debug|Any CPU.Build.0 = Debug|Any CPU
		{C277AE32-F366-47EF-A3BA-D3BAF7BDAB21}.Debug|Mixed Platforms.ActiveCfg = Debug|Any CPU
		{C277AE32-F366-47EF-A3BA-D3BAF7BDAB21}.Debug|Mixed Platforms.Build.0 = Debug|Any CPU
		{C277AE32-F366-47EF-A3BA-D3BAF7BDAB21}.Debug|x64.ActiveCfg = Debug|Any CPU
		{C277AE32-F366-47EF-A3BA-D3BAF7BDAB21}.Debug|x64.Build.0 = Debug|Any CPU
		{C277AE32-F366-47EF-A3BA-D3BAF7BDAB21}.Debug|x86.ActiveCfg = Debug|Any CPU
		{C277AE32-F366-47EF-A3BA-D3BAF7BDAB21}.Debug|x86.Build.0 = Debug|Any CPU
		{C277AE32-F366-47EF-A3BA-D3BAF7BDAB21}.Release|Any CPU.ActiveCfg = Release|Any CPU
		{C277AE32-F366-47EF-A3BA-D3BAF7BDAB21}.Release|Any CPU.Build.0 = Release|Any CPU
		{C277AE32-F366-47EF-A3BA-D3BAF7BDAB21}.Release|Mixed Platforms.ActiveCfg = Release|Any CPU
		{C277AE32-F366-47EF-A3BA-D3BAF7BDAB21}.Release|Mixed Platforms.Build.0 = Release|Any CPU
		{C277AE32-F366-47EF-A3BA-D3BAF7BDAB21}.Release|x64.ActiveCfg = Release|Any CPU
		{C277AE32-F366-47EF-A3BA-D3BAF7BDAB21}.Release|x64.Build.0 = Release|Any CPU
		{C277AE32-F366-47EF-A3BA-D3BAF7BDAB21}.Release|x86.ActiveCfg = Release|Any CPU
		{C277AE32-F366-47EF-A3BA-D3BAF7BDAB21}.Release|x86.Build.0 = Release|Any CPU
		{0AA0B422-FC38-45A0-BD08-03FFE89C7965}.Debug|Any CPU.ActiveCfg = Debug|Win32
		{0AA0B422-FC38-45A0-BD08-03FFE89C7965}.Debug|Mixed Platforms.ActiveCfg = Debug|Win32
		{0AA0B422-FC38-45A0-BD08-03FFE89C7965}.Debug|Mixed Platforms.Build.0 = Debug|Win32
		{0AA0B422-FC38-45A0-BD08-03FFE89C7965}.Debug|x64.ActiveCfg = Debug|x64
		{0AA0B422-FC38-45A0-BD08-03FFE89C7965}.Debug|x64.Build.0 = Debug|x64
		{0AA0B422-FC38-45A0-BD08-03FFE89C7965}.Debug|x86.ActiveCfg = Debug|Win32
		{0AA0B422-FC38-45A0-BD08-03FFE89C7965}.Debug|x86.Build.0 = Debug|Win32
		{0AA0B422-FC38-45A0-BD08-03FFE89C7965}.Release|Any CPU.ActiveCfg = Release|Win32
		{0AA0B422-FC38-45A0-BD08-03FFE89C7965}.Release|Mixed Platforms.ActiveCfg = Release|Win32
		{0AA0B422-FC38-45A0-BD08-03FFE89C7965}.Release|Mixed Platforms.Build.0 = Release|Win32
		{0AA0B422-FC38-45A0-BD08-03FFE89C7965}.Release|x64.ActiveCfg = Release|x64
		{0AA0B422-FC38-45A0-BD08-03FFE89C7965}.Release|x64.Build.0 = Release|x64
		{0AA0B422-FC38-45A0-BD08-03FFE89C7965}.Release|x86.ActiveCfg = Release|Win32
		{0AA0B422-FC38-45A0-BD08-03FFE89C7965}.Release|x86.Build.0 = Release|Win32
		{DFF27D3B-B7B5-4E51-BA24-D148FF231BB2}.Debug|Any CPU.ActiveCfg = Debug|Any CPU
		{DFF27D3B-B7B5-4E51-BA24-D148FF231BB2}.Debug|Any CPU.Build.0 = Debug|Any CPU
		{DFF27D3B-B7B5-4E51-BA24-D148FF231BB2}.Debug|Mixed Platforms.ActiveCfg = Debug|Any CPU
		{DFF27D3B-B7B5-4E51-BA24-D148FF231BB2}.Debug|Mixed Platforms.Build.0 = Debug|Any CPU
		{DFF27D3B-B7B5-4E51-BA24-D148FF231BB2}.Debug|x64.ActiveCfg = Debug|Any CPU
		{DFF27D3B-B7B5-4E51-BA24-D148FF231BB2}.Debug|x64.Build.0 = Debug|Any CPU
		{DFF27D3B-B7B5-4E51-BA24-D148FF231BB2}.Debug|x86.ActiveCfg = Debug|Any CPU
		{DFF27D3B-B7B5-4E51-BA24-D148FF231BB2}.Debug|x86.Build.0 = Debug|Any CPU
		{DFF27D3B-B7B5-4E51-BA24-D148FF231BB2}.Release|Any CPU.ActiveCfg = Release|Any CPU
		{DFF27D3B-B7B5-4E51-BA24-D148FF231BB2}.Release|Any CPU.Build.0 = Release|Any CPU
		{DFF27D3B-B7B5-4E51-BA24-D148FF231BB2}.Release|Mixed Platforms.ActiveCfg = Release|Any CPU
		{DFF27D3B-B7B5-4E51-BA24-D148FF231BB2}.Release|Mixed Platforms.Build.0 = Release|Any CPU
		{DFF27D3B-B7B5-4E51-BA24-D148FF231BB2}.Release|x64.ActiveCfg = Release|Any CPU
		{DFF27D3B-B7B5-4E51-BA24-D148FF231BB2}.Release|x64.Build.0 = Release|Any CPU
		{DFF27D3B-B7B5-4E51-BA24-D148FF231BB2}.Release|x86.ActiveCfg = Release|Any CPU
		{DFF27D3B-B7B5-4E51-BA24-D148FF231BB2}.Release|x86.Build.0 = Release|Any CPU
	EndGlobalSection
	GlobalSection(SolutionProperties) = preSolution
		HideSolutionNode = FALSE
	EndGlobalSection
	GlobalSection(NestedProjects) = preSolution
		{F23A1327-EBAA-4323-8667-3E5D11A2ABD9} = {F46FB4F6-FF82-4F10-A45B-11F298D812C2}
		{31231618-E996-41C1-B74E-BA670A3CBA46} = {9AC49EF4-A91B-4C70-9EDE-21A6390AFE3F}
		{D2655741-59D4-4E66-86B4-AAB6B98440D8} = {9AC49EF4-A91B-4C70-9EDE-21A6390AFE3F}
		{6A1D5C84-06AD-4371-A8C7-0E64E58D824F} = {9AC49EF4-A91B-4C70-9EDE-21A6390AFE3F}
		{C60E821E-CDDD-40C5-8AAE-74B575B36F29} = {C64E39AA-C21B-40C7-8365-29DE3563E66A}
		{9D5FCFB6-C318-4DF5-BDDE-EF8782796A01} = {C64E39AA-C21B-40C7-8365-29DE3563E66A}
		{737BF24A-5745-472D-9D5F-61DAC8C81404} = {C64E39AA-C21B-40C7-8365-29DE3563E66A}
		{5308DD77-3C75-4D0B-B1F5-B725DC1BC273} = {90B92EE2-3234-484A-A740-AB3B8A7BCC41}
		{FFD01671-8818-431B-805C-581B0281C694} = {90B92EE2-3234-484A-A740-AB3B8A7BCC41}
		{2233E490-458C-449D-AA51-A5EB1FF3C80B} = {F46FB4F6-FF82-4F10-A45B-11F298D812C2}
		{888CB9FF-5627-4389-AAE3-62E1AE0D4BFB} = {C64E39AA-C21B-40C7-8365-29DE3563E66A}
		{B63D07C8-3544-4CC7-A90A-3595D2B64519} = {7F64F0EB-E04B-41D4-9760-EA6F40F38662}
		{86E65C5A-8970-44EA-959F-B43A8CE0E435} = {7F64F0EB-E04B-41D4-9760-EA6F40F38662}
		{B652E483-62D8-4A7D-9A49-9BC1AFBFA3A4} = {88906374-657D-4F51-AFFE-14D7A1643E01}
		{6BC16C0A-CBB3-4BA6-A215-65C5426A0B80} = {88906374-657D-4F51-AFFE-14D7A1643E01}
		{BB41AC8B-CBED-4387-A7E0-4567EDB3F57F} = {ADD30BC8-DBB5-41B7-A3F5-3C1EB676159E}
		{7316584D-9A16-4280-A8AB-6D45198C6E4D} = {ADD30BC8-DBB5-41B7-A3F5-3C1EB676159E}
		{B0AE5A8F-8BC9-47A7-AD36-1660E4F42ADC} = {C64E39AA-C21B-40C7-8365-29DE3563E66A}
		{AE73C941-3FFB-4E60-9A3E-0456ABA691BD} = {81889655-02AB-4332-9374-06AA19797361}
		{44454BF5-7755-446E-8286-26B290B93443} = {2F0A511F-25F1-4788-A5C9-FE788B248814}
		{B1550E09-6199-47A7-93D4-5A8AEEBDB936} = {F0B3F1CC-A4C3-4DCC-9FBD-2A68178D2619}
		{4FBA4338-281A-4ECD-84E9-D9A5667DE97A} = {F0B3F1CC-A4C3-4DCC-9FBD-2A68178D2619}
		{A4902456-97CD-4D3E-ACD7-67A5239C2321} = {F0B3F1CC-A4C3-4DCC-9FBD-2A68178D2619}
		{DE7DB5E4-E46F-4F25-8191-D4CCCC4353AE} = {2F0A511F-25F1-4788-A5C9-FE788B248814}
		{2E3DF5C2-8A38-4A03-86D7-8D463C917E47} = {2F0A511F-25F1-4788-A5C9-FE788B248814}
		{6D1D5572-0953-444C-8C9C-6B5D6BC4230D} = {C64E39AA-C21B-40C7-8365-29DE3563E66A}
		{1FB95233-BA3D-4C1A-9868-79980A8344D9} = {BE8284D8-1BC5-4C7A-A1E7-4033A25169CB}
		{2CE5D8CB-3C35-4D4C-A456-4852F967735C} = {F0B3F1CC-A4C3-4DCC-9FBD-2A68178D2619}
		{BB9BEC81-6264-4DC0-A5E0-9FFA1838CE3F} = {F0B3F1CC-A4C3-4DCC-9FBD-2A68178D2619}
		{F4317AE6-6C19-4AA7-A789-0F4BE69EE6E9} = {839074B1-6BF8-4D70-8DD0-F5922913798A}
		{E1754B82-5794-479B-AA70-DAA2258B23E7} = {839074B1-6BF8-4D70-8DD0-F5922913798A}
		{2AAA4F8A-58F7-4632-9A35-07F01AA6E171} = {63A8991A-97EE-4285-ADD7-D3358569C8EE}
		{6BE3117B-0B9E-4698-887E-2EC4ED16A619} = {C64E39AA-C21B-40C7-8365-29DE3563E66A}
		{EBB08E4E-1E01-4945-B417-0D516056C167} = {63A8991A-97EE-4285-ADD7-D3358569C8EE}
		{5D79E9A5-A6C4-47A8-A4B5-67E412687A14} = {81889655-02AB-4332-9374-06AA19797361}
		{E583A79D-2AE5-4308-9539-0D8A906527B3} = {63A8991A-97EE-4285-ADD7-D3358569C8EE}
		{2F779FA3-627A-4EB6-AA9D-D028DCD01463} = {81889655-02AB-4332-9374-06AA19797361}
		{4761CE46-2DFD-4640-BD52-6B5BAF6475CD} = {81889655-02AB-4332-9374-06AA19797361}
		{C277AE32-F366-47EF-A3BA-D3BAF7BDAB21} = {81889655-02AB-4332-9374-06AA19797361}
		{DFF27D3B-B7B5-4E51-BA24-D148FF231BB2} = {81889655-02AB-4332-9374-06AA19797361}
	EndGlobalSection
	GlobalSection(ExtensibilityGlobals) = postSolution
		SolutionGuid = {05D48B53-087A-4CA0-A57A-75A3CB3DB662}
	EndGlobalSection
EndGlobal
